// !$*UTF8*$!
{
	archiveVersion = 1;
	classes = {
	};
	objectVersion = 46;
	objects = {

/* Begin PBXBuildFile section */
		1D3623260D0F684500981E51 /* SimpleDeathStarAppDelegate.m in Sources */ = {isa = PBXBuildFile; fileRef = 1D3623250D0F684500981E51 /* SimpleDeathStarAppDelegate.m */; };
		1D60589B0D05DD56006BFB54 /* main.m in Sources */ = {isa = PBXBuildFile; fileRef = 29B97316FDCFA39411CA2CEA /* main.m */; };
		1D60589F0D05DD5A006BFB54 /* Foundation.framework in Frameworks */ = {isa = PBXBuildFile; fileRef = 1D30AB110D05D00D00671497 /* Foundation.framework */; };
		1DF5F4E00D08C38300B7A737 /* UIKit.framework in Frameworks */ = {isa = PBXBuildFile; fileRef = 1DF5F4DF0D08C38300B7A737 /* UIKit.framework */; };
		288765A50DF7441C002DB57D /* CoreGraphics.framework in Frameworks */ = {isa = PBXBuildFile; fileRef = 288765A40DF7441C002DB57D /* CoreGraphics.framework */; };
		28AD733F0D9D9553002E5188 /* MainWindow.xib in Resources */ = {isa = PBXBuildFile; fileRef = 28AD733E0D9D9553002E5188 /* MainWindow.xib */; };
		28D801B40F44B63D00FB423F /* CoreData.framework in Frameworks */ = {isa = PBXBuildFile; fileRef = 28D801B30F44B63D00FB423F /* CoreData.framework */; };
		961A717112D26CB90085BCAA /* NoResult.xib in Resources */ = {isa = PBXBuildFile; fileRef = 961A717012D26CB90085BCAA /* NoResult.xib */; };
		961A76E812D52FB20085BCAA /* panic.html in Resources */ = {isa = PBXBuildFile; fileRef = 961A76E712D52FB20085BCAA /* panic.html */; };
		961A779112D664340085BCAA /* TripViewController.m in Sources */ = {isa = PBXBuildFile; fileRef = 961A778F12D664340085BCAA /* TripViewController.m */; };
		961A779212D664340085BCAA /* TripViewController.xib in Resources */ = {isa = PBXBuildFile; fileRef = 961A779012D664340085BCAA /* TripViewController.xib */; };
		962B81A812C6C122007EA09F /* LineViewController.m in Sources */ = {isa = PBXBuildFile; fileRef = 962B81A612C6C122007EA09F /* LineViewController.m */; };
		962B81A912C6C122007EA09F /* LineViewController.xib in Resources */ = {isa = PBXBuildFile; fileRef = 962B81A712C6C122007EA09F /* LineViewController.xib */; };
		962B81AD12C6C153007EA09F /* Line.m in Sources */ = {isa = PBXBuildFile; fileRef = 962B81AC12C6C153007EA09F /* Line.m */; };
		962B828412C6CE60007EA09F /* Transit.xcdatamodeld in Sources */ = {isa = PBXBuildFile; fileRef = 962B828312C6CE60007EA09F /* Transit.xcdatamodeld */; };
		962B82C112C6D1FB007EA09F /* Stop.m in Sources */ = {isa = PBXBuildFile; fileRef = 962B82C012C6D1FB007EA09F /* Stop.m */; };
		962B82CD12C6D30D007EA09F /* StopViewController.m in Sources */ = {isa = PBXBuildFile; fileRef = 962B82CB12C6D30D007EA09F /* StopViewController.m */; };
		962B82CE12C6D30D007EA09F /* StopViewController.xib in Resources */ = {isa = PBXBuildFile; fileRef = 962B82CC12C6D30D007EA09F /* StopViewController.xib */; };
		9631C0F812C757CF0002EB78 /* _Line.m in Sources */ = {isa = PBXBuildFile; fileRef = 9631C0F512C757CF0002EB78 /* _Line.m */; };
		9631C0F912C757CF0002EB78 /* _Stop.m in Sources */ = {isa = PBXBuildFile; fileRef = 9631C0F712C757CF0002EB78 /* _Stop.m */; };
		9631C11E12C758890002EB78 /* _City.m in Sources */ = {isa = PBXBuildFile; fileRef = 9631C11312C758890002EB78 /* _City.m */; };
		9631C11F12C758890002EB78 /* _Direction.m in Sources */ = {isa = PBXBuildFile; fileRef = 9631C11512C758890002EB78 /* _Direction.m */; };
		9631C12012C758890002EB78 /* _StopTime.m in Sources */ = {isa = PBXBuildFile; fileRef = 9631C11712C758890002EB78 /* _StopTime.m */; };
		9631C12112C758890002EB78 /* City.m in Sources */ = {isa = PBXBuildFile; fileRef = 9631C11912C758890002EB78 /* City.m */; };
		9631C12212C758890002EB78 /* Direction.m in Sources */ = {isa = PBXBuildFile; fileRef = 9631C11B12C758890002EB78 /* Direction.m */; };
		9631C12312C758890002EB78 /* StopTime.m in Sources */ = {isa = PBXBuildFile; fileRef = 9631C11D12C758890002EB78 /* StopTime.m */; };
		9631C13112C77D660002EB78 /* StopTimeViewController.m in Sources */ = {isa = PBXBuildFile; fileRef = 9631C12F12C77D660002EB78 /* StopTimeViewController.m */; };
		9631C13212C77D660002EB78 /* StopTimeViewController.xib in Resources */ = {isa = PBXBuildFile; fileRef = 9631C13012C77D660002EB78 /* StopTimeViewController.xib */; };
		9631C3CD12C7A0300002EB78 /* Transit.sqlite in Resources */ = {isa = PBXBuildFile; fileRef = 9631C3CC12C7A0300002EB78 /* Transit.sqlite */; };
		96539CBC12C94C68002FDF29 /* CityViewController.m in Sources */ = {isa = PBXBuildFile; fileRef = 96539CBA12C94C68002FDF29 /* CityViewController.m */; };
		96539CBD12C94C68002FDF29 /* CityViewController.xib in Resources */ = {isa = PBXBuildFile; fileRef = 96539CBB12C94C68002FDF29 /* CityViewController.xib */; };
		9677AF3F12F0C6980016A460 /* arrow.png in Resources */ = {isa = PBXBuildFile; fileRef = 9677AF3D12F0C6980016A460 /* arrow.png */; };
		9677AF4012F0C6980016A460 /* arrow@2x.png in Resources */ = {isa = PBXBuildFile; fileRef = 9677AF3E12F0C6980016A460 /* arrow@2x.png */; };
		9677AF6E12F0C95A0016A460 /* FavoritesViewController.m in Sources */ = {isa = PBXBuildFile; fileRef = 9677AF6C12F0C95A0016A460 /* FavoritesViewController.m */; };
		9677AF6F12F0C95A0016A460 /* FavoritesViewController.xib in Resources */ = {isa = PBXBuildFile; fileRef = 9677AF6D12F0C95A0016A460 /* FavoritesViewController.xib */; };
		9677B09E12F0D9C90016A460 /* 1.png in Resources */ = {isa = PBXBuildFile; fileRef = 9677B05A12F0D9C90016A460 /* 1.png */; };
		9677B09F12F0D9C90016A460 /* 100.png in Resources */ = {isa = PBXBuildFile; fileRef = 9677B05B12F0D9C90016A460 /* 100.png */; };
		9677B0A012F0D9C90016A460 /* 11.png in Resources */ = {isa = PBXBuildFile; fileRef = 9677B05C12F0D9C90016A460 /* 11.png */; };
		9677B0A112F0D9C90016A460 /* 150.png in Resources */ = {isa = PBXBuildFile; fileRef = 9677B05D12F0D9C90016A460 /* 150.png */; };
		9677B0A212F0D9C90016A460 /* 151.png in Resources */ = {isa = PBXBuildFile; fileRef = 9677B05E12F0D9C90016A460 /* 151.png */; };
		9677B0A312F0D9C90016A460 /* 152.png in Resources */ = {isa = PBXBuildFile; fileRef = 9677B05F12F0D9C90016A460 /* 152.png */; };
		9677B0A412F0D9C90016A460 /* 153.png in Resources */ = {isa = PBXBuildFile; fileRef = 9677B06012F0D9C90016A460 /* 153.png */; };
		9677B0A512F0D9C90016A460 /* 154.png in Resources */ = {isa = PBXBuildFile; fileRef = 9677B06112F0D9C90016A460 /* 154.png */; };
		9677B0A612F0D9C90016A460 /* 155.png in Resources */ = {isa = PBXBuildFile; fileRef = 9677B06212F0D9C90016A460 /* 155.png */; };
		9677B0A712F0D9C90016A460 /* 156.png in Resources */ = {isa = PBXBuildFile; fileRef = 9677B06312F0D9C90016A460 /* 156.png */; };
		9677B0A812F0D9C90016A460 /* 157.png in Resources */ = {isa = PBXBuildFile; fileRef = 9677B06412F0D9C90016A460 /* 157.png */; };
		9677B0A912F0D9C90016A460 /* 159.png in Resources */ = {isa = PBXBuildFile; fileRef = 9677B06512F0D9C90016A460 /* 159.png */; };
		9677B0AA12F0D9C90016A460 /* 161.png in Resources */ = {isa = PBXBuildFile; fileRef = 9677B06612F0D9C90016A460 /* 161.png */; };
		9677B0AB12F0D9C90016A460 /* 164.png in Resources */ = {isa = PBXBuildFile; fileRef = 9677B06712F0D9C90016A460 /* 164.png */; };
		9677B0AC12F0D9C90016A460 /* 172.png in Resources */ = {isa = PBXBuildFile; fileRef = 9677B06812F0D9C90016A460 /* 172.png */; };
		9677B0AD12F0D9C90016A460 /* 173.png in Resources */ = {isa = PBXBuildFile; fileRef = 9677B06912F0D9C90016A460 /* 173.png */; };
		9677B0AE12F0D9C90016A460 /* 2.png in Resources */ = {isa = PBXBuildFile; fileRef = 9677B06A12F0D9C90016A460 /* 2.png */; };
		9677B0AF12F0D9C90016A460 /* 3.png in Resources */ = {isa = PBXBuildFile; fileRef = 9677B06B12F0D9C90016A460 /* 3.png */; };
		9677B0B012F0D9C90016A460 /* 30.png in Resources */ = {isa = PBXBuildFile; fileRef = 9677B06C12F0D9C90016A460 /* 30.png */; };
		9677B0B112F0D9C90016A460 /* 31.png in Resources */ = {isa = PBXBuildFile; fileRef = 9677B06D12F0D9C90016A460 /* 31.png */; };
		9677B0B212F0D9C90016A460 /* 32.png in Resources */ = {isa = PBXBuildFile; fileRef = 9677B06E12F0D9C90016A460 /* 32.png */; };
		9677B0B312F0D9C90016A460 /* 33.png in Resources */ = {isa = PBXBuildFile; fileRef = 9677B06F12F0D9C90016A460 /* 33.png */; };
		9677B0B412F0D9C90016A460 /* 34.png in Resources */ = {isa = PBXBuildFile; fileRef = 9677B07012F0D9C90016A460 /* 34.png */; };
		9677B0B512F0D9C90016A460 /* 4.png in Resources */ = {isa = PBXBuildFile; fileRef = 9677B07112F0D9C90016A460 /* 4.png */; };
		9677B0B612F0D9C90016A460 /* 40.png in Resources */ = {isa = PBXBuildFile; fileRef = 9677B07212F0D9C90016A460 /* 40.png */; };
		9677B0B712F0D9C90016A460 /* 41.png in Resources */ = {isa = PBXBuildFile; fileRef = 9677B07312F0D9C90016A460 /* 41.png */; };
		9677B0B812F0D9C90016A460 /* 42.png in Resources */ = {isa = PBXBuildFile; fileRef = 9677B07412F0D9C90016A460 /* 42.png */; };
		9677B0B912F0D9C90016A460 /* 43.png in Resources */ = {isa = PBXBuildFile; fileRef = 9677B07512F0D9C90016A460 /* 43.png */; };
		9677B0BA12F0D9C90016A460 /* 44.png in Resources */ = {isa = PBXBuildFile; fileRef = 9677B07612F0D9C90016A460 /* 44.png */; };
		9677B0BB12F0D9C90016A460 /* 45.png in Resources */ = {isa = PBXBuildFile; fileRef = 9677B07712F0D9C90016A460 /* 45.png */; };
		9677B0BC12F0D9C90016A460 /* 5.png in Resources */ = {isa = PBXBuildFile; fileRef = 9677B07812F0D9C90016A460 /* 5.png */; };
		9677B0BD12F0D9C90016A460 /* 50.png in Resources */ = {isa = PBXBuildFile; fileRef = 9677B07912F0D9C90016A460 /* 50.png */; };
		9677B0BE12F0D9C90016A460 /* 51.png in Resources */ = {isa = PBXBuildFile; fileRef = 9677B07A12F0D9C90016A460 /* 51.png */; };
		9677B0BF12F0D9C90016A460 /* 52.png in Resources */ = {isa = PBXBuildFile; fileRef = 9677B07B12F0D9C90016A460 /* 52.png */; };
		9677B0C012F0D9C90016A460 /* 53.png in Resources */ = {isa = PBXBuildFile; fileRef = 9677B07C12F0D9C90016A460 /* 53.png */; };
		9677B0C112F0D9C90016A460 /* 54.png in Resources */ = {isa = PBXBuildFile; fileRef = 9677B07D12F0D9C90016A460 /* 54.png */; };
		9677B0C212F0D9C90016A460 /* 55.png in Resources */ = {isa = PBXBuildFile; fileRef = 9677B07E12F0D9C90016A460 /* 55.png */; };
		9677B0C312F0D9C90016A460 /* 56.png in Resources */ = {isa = PBXBuildFile; fileRef = 9677B07F12F0D9C90016A460 /* 56.png */; };
		9677B0C412F0D9C90016A460 /* 57.png in Resources */ = {isa = PBXBuildFile; fileRef = 9677B08012F0D9C90016A460 /* 57.png */; };
		9677B0C512F0D9C90016A460 /* 59.png in Resources */ = {isa = PBXBuildFile; fileRef = 9677B08112F0D9C90016A460 /* 59.png */; };
		9677B0C612F0D9C90016A460 /* 6.png in Resources */ = {isa = PBXBuildFile; fileRef = 9677B08212F0D9C90016A460 /* 6.png */; };
		9677B0C712F0D9C90016A460 /* 60.png in Resources */ = {isa = PBXBuildFile; fileRef = 9677B08312F0D9C90016A460 /* 60.png */; };
		9677B0C812F0D9C90016A460 /* 61.png in Resources */ = {isa = PBXBuildFile; fileRef = 9677B08412F0D9C90016A460 /* 61.png */; };
		9677B0C912F0D9C90016A460 /* 63.png in Resources */ = {isa = PBXBuildFile; fileRef = 9677B08512F0D9C90016A460 /* 63.png */; };
		9677B0CA12F0D9C90016A460 /* 64.png in Resources */ = {isa = PBXBuildFile; fileRef = 9677B08612F0D9C90016A460 /* 64.png */; };
		9677B0CB12F0D9C90016A460 /* 65.png in Resources */ = {isa = PBXBuildFile; fileRef = 9677B08712F0D9C90016A460 /* 65.png */; };
		9677B0CC12F0D9C90016A460 /* 67.png in Resources */ = {isa = PBXBuildFile; fileRef = 9677B08812F0D9C90016A460 /* 67.png */; };
		9677B0CD12F0D9C90016A460 /* 68.png in Resources */ = {isa = PBXBuildFile; fileRef = 9677B08912F0D9C90016A460 /* 68.png */; };
		9677B0CE12F0D9C90016A460 /* 7.png in Resources */ = {isa = PBXBuildFile; fileRef = 9677B08A12F0D9C90016A460 /* 7.png */; };
		9677B0CF12F0D9C90016A460 /* 70.png in Resources */ = {isa = PBXBuildFile; fileRef = 9677B08B12F0D9C90016A460 /* 70.png */; };
		9677B0D012F0D9C90016A460 /* 71.png in Resources */ = {isa = PBXBuildFile; fileRef = 9677B08C12F0D9C90016A460 /* 71.png */; };
		9677B0D112F0D9C90016A460 /* 72.png in Resources */ = {isa = PBXBuildFile; fileRef = 9677B08D12F0D9C90016A460 /* 72.png */; };
		9677B0D212F0D9C90016A460 /* 73.png in Resources */ = {isa = PBXBuildFile; fileRef = 9677B08E12F0D9C90016A460 /* 73.png */; };
		9677B0D312F0D9C90016A460 /* 74.png in Resources */ = {isa = PBXBuildFile; fileRef = 9677B08F12F0D9C90016A460 /* 74.png */; };
		9677B0D412F0D9C90016A460 /* 75.png in Resources */ = {isa = PBXBuildFile; fileRef = 9677B09012F0D9C90016A460 /* 75.png */; };
		9677B0D512F0D9C90016A460 /* 76.png in Resources */ = {isa = PBXBuildFile; fileRef = 9677B09112F0D9C90016A460 /* 76.png */; };
		9677B0D612F0D9C90016A460 /* 77.png in Resources */ = {isa = PBXBuildFile; fileRef = 9677B09212F0D9C90016A460 /* 77.png */; };
		9677B0D712F0D9C90016A460 /* 78.png in Resources */ = {isa = PBXBuildFile; fileRef = 9677B09312F0D9C90016A460 /* 78.png */; };
		9677B0D812F0D9C90016A460 /* 8.png in Resources */ = {isa = PBXBuildFile; fileRef = 9677B09412F0D9C90016A460 /* 8.png */; };
		9677B0D912F0D9C90016A460 /* 9.png in Resources */ = {isa = PBXBuildFile; fileRef = 9677B09512F0D9C90016A460 /* 9.png */; };
		9677B0DA12F0D9C90016A460 /* 91.png in Resources */ = {isa = PBXBuildFile; fileRef = 9677B09612F0D9C90016A460 /* 91.png */; };
		9677B0DB12F0D9C90016A460 /* 92.png in Resources */ = {isa = PBXBuildFile; fileRef = 9677B09712F0D9C90016A460 /* 92.png */; };
		9677B0DC12F0D9C90016A460 /* 93.png in Resources */ = {isa = PBXBuildFile; fileRef = 9677B09812F0D9C90016A460 /* 93.png */; };
		9677B0DD12F0D9C90016A460 /* 94.png in Resources */ = {isa = PBXBuildFile; fileRef = 9677B09912F0D9C90016A460 /* 94.png */; };
		9677B0DE12F0D9C90016A460 /* A.png in Resources */ = {isa = PBXBuildFile; fileRef = 9677B09A12F0D9C90016A460 /* A.png */; };
		9677B0DF12F0D9C90016A460 /* KL.png in Resources */ = {isa = PBXBuildFile; fileRef = 9677B09B12F0D9C90016A460 /* KL.png */; };
		9677B0E012F0D9C90016A460 /* STN.png in Resources */ = {isa = PBXBuildFile; fileRef = 9677B09C12F0D9C90016A460 /* STN.png */; };
		9677B0E112F0D9C90016A460 /* TTZ.png in Resources */ = {isa = PBXBuildFile; fileRef = 9677B09D12F0D9C90016A460 /* TTZ.png */; };
		969229BE12C6B799007C965D /* HomeScreenViewController.m in Sources */ = {isa = PBXBuildFile; fileRef = 969229BC12C6B799007C965D /* HomeScreenViewController.m */; };
		969229BF12C6B799007C965D /* HomeScreenViewController.xib in Resources */ = {isa = PBXBuildFile; fileRef = 969229BD12C6B799007C965D /* HomeScreenViewController.xib */; };
		96A71C6D12CA87AC00FB1516 /* AboutViewController.m in Sources */ = {isa = PBXBuildFile; fileRef = 96A71C6B12CA87AC00FB1516 /* AboutViewController.m */; };
		96A71C6E12CA87AC00FB1516 /* AboutViewController.xib in Resources */ = {isa = PBXBuildFile; fileRef = 96A71C6C12CA87AC00FB1516 /* AboutViewController.xib */; };
		96A71C8D12CA89B700FB1516 /* about.html in Resources */ = {isa = PBXBuildFile; fileRef = 96A71C8C12CA89B700FB1516 /* about.html */; };
		96B1E19412DB84F3008007BD /* UserData.xcdatamodel in Sources */ = {isa = PBXBuildFile; fileRef = 96B1E19312DB84F3008007BD /* UserData.xcdatamodel */; };
		96B1E19612DB851D008007BD /* UserData.xcdatamodeld in Sources */ = {isa = PBXBuildFile; fileRef = 96B1E19512DB851D008007BD /* UserData.xcdatamodeld */; };
		96B1E1BF12DB8607008007BD /* _Favorite.m in Sources */ = {isa = PBXBuildFile; fileRef = 96B1E1BC12DB8607008007BD /* _Favorite.m */; };
		96B1E1C012DB8607008007BD /* Favorite.m in Sources */ = {isa = PBXBuildFile; fileRef = 96B1E1BE12DB8607008007BD /* Favorite.m */; };
		96CB93AC12EE1E8100EFB75C /* favorites_add.png in Resources */ = {isa = PBXBuildFile; fileRef = 96CB93A612EE1E8100EFB75C /* favorites_add.png */; };
		96CB93AD12EE1E8100EFB75C /* favorites_add@2x.png in Resources */ = {isa = PBXBuildFile; fileRef = 96CB93A712EE1E8100EFB75C /* favorites_add@2x.png */; };
		96CB93AF12EE1E8100EFB75C /* favorites_remove.png in Resources */ = {isa = PBXBuildFile; fileRef = 96CB93A912EE1E8100EFB75C /* favorites_remove.png */; };
		96CB93B012EE1E8100EFB75C /* favorites_remove@2x.png in Resources */ = {isa = PBXBuildFile; fileRef = 96CB93AA12EE1E8100EFB75C /* favorites_remove@2x.png */; };
		96CB93DD12EE255300EFB75C /* clock.png in Resources */ = {isa = PBXBuildFile; fileRef = 96CB93DB12EE255300EFB75C /* clock.png */; };
		96CB93DE12EE255300EFB75C /* clock@2x.png in Resources */ = {isa = PBXBuildFile; fileRef = 96CB93DC12EE255300EFB75C /* clock@2x.png */; };
		96CB944612EE301D00EFB75C /* app_globe.png in Resources */ = {isa = PBXBuildFile; fileRef = 96CB944412EE301D00EFB75C /* app_globe.png */; };
		96CB944712EE301D00EFB75C /* app_globe@2x.png in Resources */ = {isa = PBXBuildFile; fileRef = 96CB944512EE301D00EFB75C /* app_globe@2x.png */; };
		96CB971E12EF963800EFB75C /* FavTimeViewCell.m in Sources */ = {isa = PBXBuildFile; fileRef = 96CB971D12EF963800EFB75C /* FavTimeViewCell.m */; };
		96CB973812EF9A7F00EFB75C /* FavTimeViewCell.xib in Resources */ = {isa = PBXBuildFile; fileRef = 96CB973712EF9A7F00EFB75C /* FavTimeViewCell.xib */; };
		96DBF3EE12CBCD7E0096C240 /* GridScrollView.m in Sources */ = {isa = PBXBuildFile; fileRef = 96DBF3ED12CBCD7E0096C240 /* GridScrollView.m */; };
		96DBF44812CBD5890096C240 /* GridCell.m in Sources */ = {isa = PBXBuildFile; fileRef = 96DBF44612CBD5890096C240 /* GridCell.m */; };
		96DBF44912CBD5890096C240 /* GridCell.xib in Resources */ = {isa = PBXBuildFile; fileRef = 96DBF44712CBD5890096C240 /* GridCell.xib */; };
		96DBF54812CBFAFD0096C240 /* simpledeathstar_appicon@2x.png in Resources */ = {isa = PBXBuildFile; fileRef = 96DBF54512CBFAFD0096C240 /* simpledeathstar_appicon@2x.png */; };
		96DBF54912CBFAFD0096C240 /* simpledeathstar_appicon.png in Resources */ = {isa = PBXBuildFile; fileRef = 96DBF54612CBFAFD0096C240 /* simpledeathstar_appicon.png */; };
		96DBF54A12CBFAFD0096C240 /* simpledeathstar_appstore.png in Resources */ = {isa = PBXBuildFile; fileRef = 96DBF54712CBFAFD0096C240 /* simpledeathstar_appstore.png */; };
		B816AFCE12F049290006C6ED /* Localizable.strings in Resources */ = {isa = PBXBuildFile; fileRef = B816AFCC12F049290006C6ED /* Localizable.strings */; };
		B816B04F12F050130006C6ED /* DateNavigation.xib in Resources */ = {isa = PBXBuildFile; fileRef = B816B04E12F050130006C6ED /* DateNavigation.xib */; };
/* End PBXBuildFile section */

/* Begin PBXFileReference section */
		1D30AB110D05D00D00671497 /* Foundation.framework */ = {isa = PBXFileReference; lastKnownFileType = wrapper.framework; name = Foundation.framework; path = System/Library/Frameworks/Foundation.framework; sourceTree = SDKROOT; };
		1D3623240D0F684500981E51 /* SimpleDeathStarAppDelegate.h */ = {isa = PBXFileReference; fileEncoding = 4; lastKnownFileType = sourcecode.c.h; path = SimpleDeathStarAppDelegate.h; sourceTree = "<group>"; };
		1D3623250D0F684500981E51 /* SimpleDeathStarAppDelegate.m */ = {isa = PBXFileReference; fileEncoding = 4; lastKnownFileType = sourcecode.c.objc; path = SimpleDeathStarAppDelegate.m; sourceTree = "<group>"; };
		1D6058910D05DD3D006BFB54 /* SimpleDeathStar.app */ = {isa = PBXFileReference; explicitFileType = wrapper.application; includeInIndex = 0; path = SimpleDeathStar.app; sourceTree = BUILT_PRODUCTS_DIR; };
		1DF5F4DF0D08C38300B7A737 /* UIKit.framework */ = {isa = PBXFileReference; lastKnownFileType = wrapper.framework; name = UIKit.framework; path = System/Library/Frameworks/UIKit.framework; sourceTree = SDKROOT; };
		288765A40DF7441C002DB57D /* CoreGraphics.framework */ = {isa = PBXFileReference; lastKnownFileType = wrapper.framework; name = CoreGraphics.framework; path = System/Library/Frameworks/CoreGraphics.framework; sourceTree = SDKROOT; };
		28AD733E0D9D9553002E5188 /* MainWindow.xib */ = {isa = PBXFileReference; lastKnownFileType = file.xib; path = MainWindow.xib; sourceTree = "<group>"; };
		28D801B30F44B63D00FB423F /* CoreData.framework */ = {isa = PBXFileReference; lastKnownFileType = wrapper.framework; name = CoreData.framework; path = System/Library/Frameworks/CoreData.framework; sourceTree = SDKROOT; };
		29B97316FDCFA39411CA2CEA /* main.m */ = {isa = PBXFileReference; fileEncoding = 4; lastKnownFileType = sourcecode.c.objc; path = main.m; sourceTree = "<group>"; };
		32CA4F630368D1EE00C91783 /* SimpleDeathStar_Prefix.pch */ = {isa = PBXFileReference; fileEncoding = 4; lastKnownFileType = sourcecode.c.h; path = SimpleDeathStar_Prefix.pch; sourceTree = "<group>"; };
		8D1107310486CEB800E47090 /* SimpleDeathStar-Info.plist */ = {isa = PBXFileReference; fileEncoding = 4; lastKnownFileType = text.plist.xml; path = "SimpleDeathStar-Info.plist"; plistStructureDefinitionIdentifier = "com.apple.xcode.plist.structure-definition.iphone.info-plist"; sourceTree = "<group>"; };
		961A717012D26CB90085BCAA /* NoResult.xib */ = {isa = PBXFileReference; lastKnownFileType = file.xib; path = NoResult.xib; sourceTree = "<group>"; };
		961A76E712D52FB20085BCAA /* panic.html */ = {isa = PBXFileReference; fileEncoding = 4; lastKnownFileType = text.html; path = panic.html; sourceTree = "<group>"; };
		961A778E12D664340085BCAA /* TripViewController.h */ = {isa = PBXFileReference; fileEncoding = 4; lastKnownFileType = sourcecode.c.h; path = TripViewController.h; sourceTree = "<group>"; };
		961A778F12D664340085BCAA /* TripViewController.m */ = {isa = PBXFileReference; fileEncoding = 4; lastKnownFileType = sourcecode.c.objc; path = TripViewController.m; sourceTree = "<group>"; };
		961A779012D664340085BCAA /* TripViewController.xib */ = {isa = PBXFileReference; lastKnownFileType = file.xib; path = TripViewController.xib; sourceTree = "<group>"; };
		962B81A512C6C122007EA09F /* LineViewController.h */ = {isa = PBXFileReference; fileEncoding = 4; lastKnownFileType = sourcecode.c.h; path = LineViewController.h; sourceTree = "<group>"; };
		962B81A612C6C122007EA09F /* LineViewController.m */ = {isa = PBXFileReference; fileEncoding = 4; lastKnownFileType = sourcecode.c.objc; path = LineViewController.m; sourceTree = "<group>"; };
		962B81A712C6C122007EA09F /* LineViewController.xib */ = {isa = PBXFileReference; lastKnownFileType = file.xib; name = LineViewController.xib; path = Classes/LineViewController.xib; sourceTree = "<group>"; };
		962B81AB12C6C153007EA09F /* Line.h */ = {isa = PBXFileReference; fileEncoding = 4; lastKnownFileType = sourcecode.c.h; path = Line.h; sourceTree = "<group>"; };
		962B81AC12C6C153007EA09F /* Line.m */ = {isa = PBXFileReference; fileEncoding = 4; lastKnownFileType = sourcecode.c.objc; path = Line.m; sourceTree = "<group>"; };
		962B82BF12C6D1FB007EA09F /* Stop.h */ = {isa = PBXFileReference; fileEncoding = 4; lastKnownFileType = sourcecode.c.h; path = Stop.h; sourceTree = "<group>"; };
		962B82C012C6D1FB007EA09F /* Stop.m */ = {isa = PBXFileReference; fileEncoding = 4; lastKnownFileType = sourcecode.c.objc; path = Stop.m; sourceTree = "<group>"; };
		962B82CA12C6D30D007EA09F /* StopViewController.h */ = {isa = PBXFileReference; fileEncoding = 4; lastKnownFileType = sourcecode.c.h; path = StopViewController.h; sourceTree = "<group>"; };
		962B82CB12C6D30D007EA09F /* StopViewController.m */ = {isa = PBXFileReference; fileEncoding = 4; lastKnownFileType = sourcecode.c.objc; path = StopViewController.m; sourceTree = "<group>"; };
		962B82CC12C6D30D007EA09F /* StopViewController.xib */ = {isa = PBXFileReference; lastKnownFileType = file.xib; name = StopViewController.xib; path = Classes/StopViewController.xib; sourceTree = "<group>"; };
		9631C0F412C757CF0002EB78 /* _Line.h */ = {isa = PBXFileReference; fileEncoding = 4; lastKnownFileType = sourcecode.c.h; path = _Line.h; sourceTree = "<group>"; };
		9631C0F512C757CF0002EB78 /* _Line.m */ = {isa = PBXFileReference; fileEncoding = 4; lastKnownFileType = sourcecode.c.objc; path = _Line.m; sourceTree = "<group>"; };
		9631C0F612C757CF0002EB78 /* _Stop.h */ = {isa = PBXFileReference; fileEncoding = 4; lastKnownFileType = sourcecode.c.h; path = _Stop.h; sourceTree = "<group>"; };
		9631C0F712C757CF0002EB78 /* _Stop.m */ = {isa = PBXFileReference; fileEncoding = 4; lastKnownFileType = sourcecode.c.objc; path = _Stop.m; sourceTree = "<group>"; };
		9631C11212C758890002EB78 /* _City.h */ = {isa = PBXFileReference; fileEncoding = 4; lastKnownFileType = sourcecode.c.h; path = _City.h; sourceTree = "<group>"; };
		9631C11312C758890002EB78 /* _City.m */ = {isa = PBXFileReference; fileEncoding = 4; lastKnownFileType = sourcecode.c.objc; path = _City.m; sourceTree = "<group>"; };
		9631C11412C758890002EB78 /* _Direction.h */ = {isa = PBXFileReference; fileEncoding = 4; lastKnownFileType = sourcecode.c.h; path = _Direction.h; sourceTree = "<group>"; };
		9631C11512C758890002EB78 /* _Direction.m */ = {isa = PBXFileReference; fileEncoding = 4; lastKnownFileType = sourcecode.c.objc; path = _Direction.m; sourceTree = "<group>"; };
		9631C11612C758890002EB78 /* _StopTime.h */ = {isa = PBXFileReference; fileEncoding = 4; lastKnownFileType = sourcecode.c.h; path = _StopTime.h; sourceTree = "<group>"; };
		9631C11712C758890002EB78 /* _StopTime.m */ = {isa = PBXFileReference; fileEncoding = 4; lastKnownFileType = sourcecode.c.objc; path = _StopTime.m; sourceTree = "<group>"; };
		9631C11812C758890002EB78 /* City.h */ = {isa = PBXFileReference; fileEncoding = 4; lastKnownFileType = sourcecode.c.h; path = City.h; sourceTree = "<group>"; };
		9631C11912C758890002EB78 /* City.m */ = {isa = PBXFileReference; fileEncoding = 4; lastKnownFileType = sourcecode.c.objc; path = City.m; sourceTree = "<group>"; };
		9631C11A12C758890002EB78 /* Direction.h */ = {isa = PBXFileReference; fileEncoding = 4; lastKnownFileType = sourcecode.c.h; path = Direction.h; sourceTree = "<group>"; };
		9631C11B12C758890002EB78 /* Direction.m */ = {isa = PBXFileReference; fileEncoding = 4; lastKnownFileType = sourcecode.c.objc; path = Direction.m; sourceTree = "<group>"; };
		9631C11C12C758890002EB78 /* StopTime.h */ = {isa = PBXFileReference; fileEncoding = 4; lastKnownFileType = sourcecode.c.h; path = StopTime.h; sourceTree = "<group>"; };
		9631C11D12C758890002EB78 /* StopTime.m */ = {isa = PBXFileReference; fileEncoding = 4; lastKnownFileType = sourcecode.c.objc; path = StopTime.m; sourceTree = "<group>"; };
		9631C12E12C77D660002EB78 /* StopTimeViewController.h */ = {isa = PBXFileReference; fileEncoding = 4; lastKnownFileType = sourcecode.c.h; path = StopTimeViewController.h; sourceTree = "<group>"; };
		9631C12F12C77D660002EB78 /* StopTimeViewController.m */ = {isa = PBXFileReference; fileEncoding = 4; lastKnownFileType = sourcecode.c.objc; path = StopTimeViewController.m; sourceTree = "<group>"; };
		9631C13012C77D660002EB78 /* StopTimeViewController.xib */ = {isa = PBXFileReference; lastKnownFileType = file.xib; name = StopTimeViewController.xib; path = Classes/StopTimeViewController.xib; sourceTree = "<group>"; };
		9631C3CC12C7A0300002EB78 /* Transit.sqlite */ = {isa = PBXFileReference; lastKnownFileType = file; path = Transit.sqlite; sourceTree = "<group>"; };
		96539CB912C94C68002FDF29 /* CityViewController.h */ = {isa = PBXFileReference; fileEncoding = 4; lastKnownFileType = sourcecode.c.h; path = CityViewController.h; sourceTree = "<group>"; };
		96539CBA12C94C68002FDF29 /* CityViewController.m */ = {isa = PBXFileReference; fileEncoding = 4; lastKnownFileType = sourcecode.c.objc; path = CityViewController.m; sourceTree = "<group>"; };
		96539CBB12C94C68002FDF29 /* CityViewController.xib */ = {isa = PBXFileReference; lastKnownFileType = file.xib; name = CityViewController.xib; path = Classes/CityViewController.xib; sourceTree = "<group>"; };
		9677AF3D12F0C6980016A460 /* arrow.png */ = {isa = PBXFileReference; lastKnownFileType = image.png; path = arrow.png; sourceTree = "<group>"; };
		9677AF3E12F0C6980016A460 /* arrow@2x.png */ = {isa = PBXFileReference; lastKnownFileType = image.png; path = "arrow@2x.png"; sourceTree = "<group>"; };
		9677AF6B12F0C95A0016A460 /* FavoritesViewController.h */ = {isa = PBXFileReference; fileEncoding = 4; lastKnownFileType = sourcecode.c.h; path = FavoritesViewController.h; sourceTree = "<group>"; };
		9677AF6C12F0C95A0016A460 /* FavoritesViewController.m */ = {isa = PBXFileReference; fileEncoding = 4; lastKnownFileType = sourcecode.c.objc; path = FavoritesViewController.m; sourceTree = "<group>"; };
		9677AF6D12F0C95A0016A460 /* FavoritesViewController.xib */ = {isa = PBXFileReference; lastKnownFileType = file.xib; name = FavoritesViewController.xib; path = Classes/FavoritesViewController.xib; sourceTree = "<group>"; };
		9677B05A12F0D9C90016A460 /* 1.png */ = {isa = PBXFileReference; lastKnownFileType = image.png; path = 1.png; sourceTree = "<group>"; };
		9677B05B12F0D9C90016A460 /* 100.png */ = {isa = PBXFileReference; lastKnownFileType = image.png; path = 100.png; sourceTree = "<group>"; };
		9677B05C12F0D9C90016A460 /* 11.png */ = {isa = PBXFileReference; lastKnownFileType = image.png; path = 11.png; sourceTree = "<group>"; };
		9677B05D12F0D9C90016A460 /* 150.png */ = {isa = PBXFileReference; lastKnownFileType = image.png; path = 150.png; sourceTree = "<group>"; };
		9677B05E12F0D9C90016A460 /* 151.png */ = {isa = PBXFileReference; lastKnownFileType = image.png; path = 151.png; sourceTree = "<group>"; };
		9677B05F12F0D9C90016A460 /* 152.png */ = {isa = PBXFileReference; lastKnownFileType = image.png; path = 152.png; sourceTree = "<group>"; };
		9677B06012F0D9C90016A460 /* 153.png */ = {isa = PBXFileReference; lastKnownFileType = image.png; path = 153.png; sourceTree = "<group>"; };
		9677B06112F0D9C90016A460 /* 154.png */ = {isa = PBXFileReference; lastKnownFileType = image.png; path = 154.png; sourceTree = "<group>"; };
		9677B06212F0D9C90016A460 /* 155.png */ = {isa = PBXFileReference; lastKnownFileType = image.png; path = 155.png; sourceTree = "<group>"; };
		9677B06312F0D9C90016A460 /* 156.png */ = {isa = PBXFileReference; lastKnownFileType = image.png; path = 156.png; sourceTree = "<group>"; };
		9677B06412F0D9C90016A460 /* 157.png */ = {isa = PBXFileReference; lastKnownFileType = image.png; path = 157.png; sourceTree = "<group>"; };
		9677B06512F0D9C90016A460 /* 159.png */ = {isa = PBXFileReference; lastKnownFileType = image.png; path = 159.png; sourceTree = "<group>"; };
		9677B06612F0D9C90016A460 /* 161.png */ = {isa = PBXFileReference; lastKnownFileType = image.png; path = 161.png; sourceTree = "<group>"; };
		9677B06712F0D9C90016A460 /* 164.png */ = {isa = PBXFileReference; lastKnownFileType = image.png; path = 164.png; sourceTree = "<group>"; };
		9677B06812F0D9C90016A460 /* 172.png */ = {isa = PBXFileReference; lastKnownFileType = image.png; path = 172.png; sourceTree = "<group>"; };
		9677B06912F0D9C90016A460 /* 173.png */ = {isa = PBXFileReference; lastKnownFileType = image.png; path = 173.png; sourceTree = "<group>"; };
		9677B06A12F0D9C90016A460 /* 2.png */ = {isa = PBXFileReference; lastKnownFileType = image.png; path = 2.png; sourceTree = "<group>"; };
		9677B06B12F0D9C90016A460 /* 3.png */ = {isa = PBXFileReference; lastKnownFileType = image.png; path = 3.png; sourceTree = "<group>"; };
		9677B06C12F0D9C90016A460 /* 30.png */ = {isa = PBXFileReference; lastKnownFileType = image.png; path = 30.png; sourceTree = "<group>"; };
		9677B06D12F0D9C90016A460 /* 31.png */ = {isa = PBXFileReference; lastKnownFileType = image.png; path = 31.png; sourceTree = "<group>"; };
		9677B06E12F0D9C90016A460 /* 32.png */ = {isa = PBXFileReference; lastKnownFileType = image.png; path = 32.png; sourceTree = "<group>"; };
		9677B06F12F0D9C90016A460 /* 33.png */ = {isa = PBXFileReference; lastKnownFileType = image.png; path = 33.png; sourceTree = "<group>"; };
		9677B07012F0D9C90016A460 /* 34.png */ = {isa = PBXFileReference; lastKnownFileType = image.png; path = 34.png; sourceTree = "<group>"; };
		9677B07112F0D9C90016A460 /* 4.png */ = {isa = PBXFileReference; lastKnownFileType = image.png; path = 4.png; sourceTree = "<group>"; };
		9677B07212F0D9C90016A460 /* 40.png */ = {isa = PBXFileReference; lastKnownFileType = image.png; path = 40.png; sourceTree = "<group>"; };
		9677B07312F0D9C90016A460 /* 41.png */ = {isa = PBXFileReference; lastKnownFileType = image.png; path = 41.png; sourceTree = "<group>"; };
		9677B07412F0D9C90016A460 /* 42.png */ = {isa = PBXFileReference; lastKnownFileType = image.png; path = 42.png; sourceTree = "<group>"; };
		9677B07512F0D9C90016A460 /* 43.png */ = {isa = PBXFileReference; lastKnownFileType = image.png; path = 43.png; sourceTree = "<group>"; };
		9677B07612F0D9C90016A460 /* 44.png */ = {isa = PBXFileReference; lastKnownFileType = image.png; path = 44.png; sourceTree = "<group>"; };
		9677B07712F0D9C90016A460 /* 45.png */ = {isa = PBXFileReference; lastKnownFileType = image.png; path = 45.png; sourceTree = "<group>"; };
		9677B07812F0D9C90016A460 /* 5.png */ = {isa = PBXFileReference; lastKnownFileType = image.png; path = 5.png; sourceTree = "<group>"; };
		9677B07912F0D9C90016A460 /* 50.png */ = {isa = PBXFileReference; lastKnownFileType = image.png; path = 50.png; sourceTree = "<group>"; };
		9677B07A12F0D9C90016A460 /* 51.png */ = {isa = PBXFileReference; lastKnownFileType = image.png; path = 51.png; sourceTree = "<group>"; };
		9677B07B12F0D9C90016A460 /* 52.png */ = {isa = PBXFileReference; lastKnownFileType = image.png; path = 52.png; sourceTree = "<group>"; };
		9677B07C12F0D9C90016A460 /* 53.png */ = {isa = PBXFileReference; lastKnownFileType = image.png; path = 53.png; sourceTree = "<group>"; };
		9677B07D12F0D9C90016A460 /* 54.png */ = {isa = PBXFileReference; lastKnownFileType = image.png; path = 54.png; sourceTree = "<group>"; };
		9677B07E12F0D9C90016A460 /* 55.png */ = {isa = PBXFileReference; lastKnownFileType = image.png; path = 55.png; sourceTree = "<group>"; };
		9677B07F12F0D9C90016A460 /* 56.png */ = {isa = PBXFileReference; lastKnownFileType = image.png; path = 56.png; sourceTree = "<group>"; };
		9677B08012F0D9C90016A460 /* 57.png */ = {isa = PBXFileReference; lastKnownFileType = image.png; path = 57.png; sourceTree = "<group>"; };
		9677B08112F0D9C90016A460 /* 59.png */ = {isa = PBXFileReference; lastKnownFileType = image.png; path = 59.png; sourceTree = "<group>"; };
		9677B08212F0D9C90016A460 /* 6.png */ = {isa = PBXFileReference; lastKnownFileType = image.png; path = 6.png; sourceTree = "<group>"; };
		9677B08312F0D9C90016A460 /* 60.png */ = {isa = PBXFileReference; lastKnownFileType = image.png; path = 60.png; sourceTree = "<group>"; };
		9677B08412F0D9C90016A460 /* 61.png */ = {isa = PBXFileReference; lastKnownFileType = image.png; path = 61.png; sourceTree = "<group>"; };
		9677B08512F0D9C90016A460 /* 63.png */ = {isa = PBXFileReference; lastKnownFileType = image.png; path = 63.png; sourceTree = "<group>"; };
		9677B08612F0D9C90016A460 /* 64.png */ = {isa = PBXFileReference; lastKnownFileType = image.png; path = 64.png; sourceTree = "<group>"; };
		9677B08712F0D9C90016A460 /* 65.png */ = {isa = PBXFileReference; lastKnownFileType = image.png; path = 65.png; sourceTree = "<group>"; };
		9677B08812F0D9C90016A460 /* 67.png */ = {isa = PBXFileReference; lastKnownFileType = image.png; path = 67.png; sourceTree = "<group>"; };
		9677B08912F0D9C90016A460 /* 68.png */ = {isa = PBXFileReference; lastKnownFileType = image.png; path = 68.png; sourceTree = "<group>"; };
		9677B08A12F0D9C90016A460 /* 7.png */ = {isa = PBXFileReference; lastKnownFileType = image.png; path = 7.png; sourceTree = "<group>"; };
		9677B08B12F0D9C90016A460 /* 70.png */ = {isa = PBXFileReference; lastKnownFileType = image.png; path = 70.png; sourceTree = "<group>"; };
		9677B08C12F0D9C90016A460 /* 71.png */ = {isa = PBXFileReference; lastKnownFileType = image.png; path = 71.png; sourceTree = "<group>"; };
		9677B08D12F0D9C90016A460 /* 72.png */ = {isa = PBXFileReference; lastKnownFileType = image.png; path = 72.png; sourceTree = "<group>"; };
		9677B08E12F0D9C90016A460 /* 73.png */ = {isa = PBXFileReference; lastKnownFileType = image.png; path = 73.png; sourceTree = "<group>"; };
		9677B08F12F0D9C90016A460 /* 74.png */ = {isa = PBXFileReference; lastKnownFileType = image.png; path = 74.png; sourceTree = "<group>"; };
		9677B09012F0D9C90016A460 /* 75.png */ = {isa = PBXFileReference; lastKnownFileType = image.png; path = 75.png; sourceTree = "<group>"; };
		9677B09112F0D9C90016A460 /* 76.png */ = {isa = PBXFileReference; lastKnownFileType = image.png; path = 76.png; sourceTree = "<group>"; };
		9677B09212F0D9C90016A460 /* 77.png */ = {isa = PBXFileReference; lastKnownFileType = image.png; path = 77.png; sourceTree = "<group>"; };
		9677B09312F0D9C90016A460 /* 78.png */ = {isa = PBXFileReference; lastKnownFileType = image.png; path = 78.png; sourceTree = "<group>"; };
		9677B09412F0D9C90016A460 /* 8.png */ = {isa = PBXFileReference; lastKnownFileType = image.png; path = 8.png; sourceTree = "<group>"; };
		9677B09512F0D9C90016A460 /* 9.png */ = {isa = PBXFileReference; lastKnownFileType = image.png; path = 9.png; sourceTree = "<group>"; };
		9677B09612F0D9C90016A460 /* 91.png */ = {isa = PBXFileReference; lastKnownFileType = image.png; path = 91.png; sourceTree = "<group>"; };
		9677B09712F0D9C90016A460 /* 92.png */ = {isa = PBXFileReference; lastKnownFileType = image.png; path = 92.png; sourceTree = "<group>"; };
		9677B09812F0D9C90016A460 /* 93.png */ = {isa = PBXFileReference; lastKnownFileType = image.png; path = 93.png; sourceTree = "<group>"; };
		9677B09912F0D9C90016A460 /* 94.png */ = {isa = PBXFileReference; lastKnownFileType = image.png; path = 94.png; sourceTree = "<group>"; };
		9677B09A12F0D9C90016A460 /* A.png */ = {isa = PBXFileReference; lastKnownFileType = image.png; path = A.png; sourceTree = "<group>"; };
		9677B09B12F0D9C90016A460 /* KL.png */ = {isa = PBXFileReference; lastKnownFileType = image.png; path = KL.png; sourceTree = "<group>"; };
		9677B09C12F0D9C90016A460 /* STN.png */ = {isa = PBXFileReference; lastKnownFileType = image.png; path = STN.png; sourceTree = "<group>"; };
		9677B09D12F0D9C90016A460 /* TTZ.png */ = {isa = PBXFileReference; lastKnownFileType = image.png; path = TTZ.png; sourceTree = "<group>"; };
		9692298C12C6B4A1007C965D /* Transit.xcdatamodel */ = {isa = PBXFileReference; fileEncoding = 4; lastKnownFileType = wrapper.xcdatamodel; path = Transit.xcdatamodel; sourceTree = "<group>"; };
		969229BB12C6B799007C965D /* HomeScreenViewController.h */ = {isa = PBXFileReference; fileEncoding = 4; lastKnownFileType = sourcecode.c.h; path = HomeScreenViewController.h; sourceTree = "<group>"; };
		969229BC12C6B799007C965D /* HomeScreenViewController.m */ = {isa = PBXFileReference; fileEncoding = 4; lastKnownFileType = sourcecode.c.objc; path = HomeScreenViewController.m; sourceTree = "<group>"; };
		969229BD12C6B799007C965D /* HomeScreenViewController.xib */ = {isa = PBXFileReference; lastKnownFileType = file.xib; name = HomeScreenViewController.xib; path = Classes/HomeScreenViewController.xib; sourceTree = "<group>"; };
		96A71C6A12CA87AC00FB1516 /* AboutViewController.h */ = {isa = PBXFileReference; fileEncoding = 4; lastKnownFileType = sourcecode.c.h; path = AboutViewController.h; sourceTree = "<group>"; };
		96A71C6B12CA87AC00FB1516 /* AboutViewController.m */ = {isa = PBXFileReference; fileEncoding = 4; lastKnownFileType = sourcecode.c.objc; path = AboutViewController.m; sourceTree = "<group>"; };
		96A71C6C12CA87AC00FB1516 /* AboutViewController.xib */ = {isa = PBXFileReference; lastKnownFileType = file.xib; name = AboutViewController.xib; path = Classes/AboutViewController.xib; sourceTree = "<group>"; };
		96A71C8C12CA89B700FB1516 /* about.html */ = {isa = PBXFileReference; fileEncoding = 4; lastKnownFileType = text.html; path = about.html; sourceTree = "<group>"; };
		96B1E19312DB84F3008007BD /* UserData.xcdatamodel */ = {isa = PBXFileReference; fileEncoding = 4; lastKnownFileType = wrapper.xcdatamodel; path = UserData.xcdatamodel; sourceTree = "<group>"; };
		96B1E1BB12DB8607008007BD /* _Favorite.h */ = {isa = PBXFileReference; fileEncoding = 4; lastKnownFileType = sourcecode.c.h; path = _Favorite.h; sourceTree = "<group>"; };
		96B1E1BC12DB8607008007BD /* _Favorite.m */ = {isa = PBXFileReference; fileEncoding = 4; lastKnownFileType = sourcecode.c.objc; path = _Favorite.m; sourceTree = "<group>"; };
		96B1E1BD12DB8607008007BD /* Favorite.h */ = {isa = PBXFileReference; fileEncoding = 4; lastKnownFileType = sourcecode.c.h; path = Favorite.h; sourceTree = "<group>"; };
		96B1E1BE12DB8607008007BD /* Favorite.m */ = {isa = PBXFileReference; fileEncoding = 4; lastKnownFileType = sourcecode.c.objc; path = Favorite.m; sourceTree = "<group>"; };
		96CB93A612EE1E8100EFB75C /* favorites_add.png */ = {isa = PBXFileReference; lastKnownFileType = image.png; path = favorites_add.png; sourceTree = "<group>"; };
		96CB93A712EE1E8100EFB75C /* favorites_add@2x.png */ = {isa = PBXFileReference; lastKnownFileType = image.png; path = "favorites_add@2x.png"; sourceTree = "<group>"; };
		96CB93A912EE1E8100EFB75C /* favorites_remove.png */ = {isa = PBXFileReference; lastKnownFileType = image.png; path = favorites_remove.png; sourceTree = "<group>"; };
		96CB93AA12EE1E8100EFB75C /* favorites_remove@2x.png */ = {isa = PBXFileReference; lastKnownFileType = image.png; path = "favorites_remove@2x.png"; sourceTree = "<group>"; };
		96CB93DB12EE255300EFB75C /* clock.png */ = {isa = PBXFileReference; lastKnownFileType = image.png; path = clock.png; sourceTree = "<group>"; };
		96CB93DC12EE255300EFB75C /* clock@2x.png */ = {isa = PBXFileReference; lastKnownFileType = image.png; path = "clock@2x.png"; sourceTree = "<group>"; };
		96CB944412EE301D00EFB75C /* app_globe.png */ = {isa = PBXFileReference; lastKnownFileType = image.png; path = app_globe.png; sourceTree = "<group>"; };
		96CB944512EE301D00EFB75C /* app_globe@2x.png */ = {isa = PBXFileReference; lastKnownFileType = image.png; path = "app_globe@2x.png"; sourceTree = "<group>"; };
		96CB971C12EF963800EFB75C /* FavTimeViewCell.h */ = {isa = PBXFileReference; fileEncoding = 4; lastKnownFileType = sourcecode.c.h; path = FavTimeViewCell.h; sourceTree = "<group>"; };
		96CB971D12EF963800EFB75C /* FavTimeViewCell.m */ = {isa = PBXFileReference; fileEncoding = 4; lastKnownFileType = sourcecode.c.objc; path = FavTimeViewCell.m; sourceTree = "<group>"; };
		96CB973712EF9A7F00EFB75C /* FavTimeViewCell.xib */ = {isa = PBXFileReference; lastKnownFileType = file.xib; path = FavTimeViewCell.xib; sourceTree = "<group>"; };
		96DBF3EC12CBCD7E0096C240 /* GridScrollView.h */ = {isa = PBXFileReference; fileEncoding = 4; lastKnownFileType = sourcecode.c.h; path = GridScrollView.h; sourceTree = "<group>"; };
		96DBF3ED12CBCD7E0096C240 /* GridScrollView.m */ = {isa = PBXFileReference; fileEncoding = 4; lastKnownFileType = sourcecode.c.objc; path = GridScrollView.m; sourceTree = "<group>"; };
		96DBF44512CBD5890096C240 /* GridCell.h */ = {isa = PBXFileReference; fileEncoding = 4; lastKnownFileType = sourcecode.c.h; path = GridCell.h; sourceTree = "<group>"; };
		96DBF44612CBD5890096C240 /* GridCell.m */ = {isa = PBXFileReference; fileEncoding = 4; lastKnownFileType = sourcecode.c.objc; path = GridCell.m; sourceTree = "<group>"; };
		96DBF44712CBD5890096C240 /* GridCell.xib */ = {isa = PBXFileReference; lastKnownFileType = file.xib; name = GridCell.xib; path = Classes/GridCell.xib; sourceTree = "<group>"; };
		96DBF54512CBFAFD0096C240 /* simpledeathstar_appicon@2x.png */ = {isa = PBXFileReference; lastKnownFileType = image.png; path = "simpledeathstar_appicon@2x.png"; sourceTree = "<group>"; };
		96DBF54612CBFAFD0096C240 /* simpledeathstar_appicon.png */ = {isa = PBXFileReference; lastKnownFileType = image.png; path = simpledeathstar_appicon.png; sourceTree = "<group>"; };
		96DBF54712CBFAFD0096C240 /* simpledeathstar_appstore.png */ = {isa = PBXFileReference; lastKnownFileType = image.png; path = simpledeathstar_appstore.png; sourceTree = "<group>"; };
		B816AFCD12F049290006C6ED /* en */ = {isa = PBXFileReference; fileEncoding = 4; lastKnownFileType = text.plist.strings; name = en; path = en.lproj/Localizable.strings; sourceTree = "<group>"; };
		B816B05012F050190006C6ED /* fr */ = {isa = PBXFileReference; lastKnownFileType = file.xib; name = fr; path = fr.lproj/DateNavigation.xib; sourceTree = "<group>"; };
		B816B05B12F050B90006C6ED /* en */ = {isa = PBXFileReference; lastKnownFileType = file.xib; name = en; path = en.lproj/DateNavigation.xib; sourceTree = "<group>"; };
/* End PBXFileReference section */

/* Begin PBXFrameworksBuildPhase section */
		1D60588F0D05DD3D006BFB54 /* Frameworks */ = {
			isa = PBXFrameworksBuildPhase;
			buildActionMask = 2147483647;
			files = (
				1D60589F0D05DD5A006BFB54 /* Foundation.framework in Frameworks */,
				1DF5F4E00D08C38300B7A737 /* UIKit.framework in Frameworks */,
				288765A50DF7441C002DB57D /* CoreGraphics.framework in Frameworks */,
				28D801B40F44B63D00FB423F /* CoreData.framework in Frameworks */,
			);
			runOnlyForDeploymentPostprocessing = 0;
		};
/* End PBXFrameworksBuildPhase section */

/* Begin PBXGroup section */
		080E96DDFE201D6D7F000001 /* Classes */ = {
			isa = PBXGroup;
			children = (
				96DBF44512CBD5890096C240 /* GridCell.h */,
				96DBF44612CBD5890096C240 /* GridCell.m */,
				96DBF3EC12CBCD7E0096C240 /* GridScrollView.h */,
				96DBF3ED12CBCD7E0096C240 /* GridScrollView.m */,
				962B81AA12C6C141007EA09F /* ManagedObjects */,
				1D3623240D0F684500981E51 /* SimpleDeathStarAppDelegate.h */,
				1D3623250D0F684500981E51 /* SimpleDeathStarAppDelegate.m */,
				969229BB12C6B799007C965D /* HomeScreenViewController.h */,
				969229BC12C6B799007C965D /* HomeScreenViewController.m */,
				962B81A512C6C122007EA09F /* LineViewController.h */,
				962B81A612C6C122007EA09F /* LineViewController.m */,
				962B82CA12C6D30D007EA09F /* StopViewController.h */,
				962B82CB12C6D30D007EA09F /* StopViewController.m */,
				9631C12E12C77D660002EB78 /* StopTimeViewController.h */,
				9631C12F12C77D660002EB78 /* StopTimeViewController.m */,
				96539CB912C94C68002FDF29 /* CityViewController.h */,
				96539CBA12C94C68002FDF29 /* CityViewController.m */,
				96A71C6A12CA87AC00FB1516 /* AboutViewController.h */,
				96A71C6B12CA87AC00FB1516 /* AboutViewController.m */,
				961A778E12D664340085BCAA /* TripViewController.h */,
				961A778F12D664340085BCAA /* TripViewController.m */,
				961A779012D664340085BCAA /* TripViewController.xib */,
				96CB971C12EF963800EFB75C /* FavTimeViewCell.h */,
				96CB971D12EF963800EFB75C /* FavTimeViewCell.m */,
				9677AF6B12F0C95A0016A460 /* FavoritesViewController.h */,
				9677AF6C12F0C95A0016A460 /* FavoritesViewController.m */,
			);
			path = Classes;
			sourceTree = "<group>";
		};
		19C28FACFE9D520D11CA2CBB /* Products */ = {
			isa = PBXGroup;
			children = (
				1D6058910D05DD3D006BFB54 /* SimpleDeathStar.app */,
			);
			name = Products;
			sourceTree = "<group>";
		};
		29B97314FDCFA39411CA2CEA /* CustomTemplate */ = {
			isa = PBXGroup;
			children = (
				080E96DDFE201D6D7F000001 /* Classes */,
				29B97315FDCFA39411CA2CEA /* Other Sources */,
				29B97317FDCFA39411CA2CEA /* Resources */,
				29B97323FDCFA39411CA2CEA /* Frameworks */,
				19C28FACFE9D520D11CA2CBB /* Products */,
			);
			name = CustomTemplate;
			sourceTree = "<group>";
		};
		29B97315FDCFA39411CA2CEA /* Other Sources */ = {
			isa = PBXGroup;
			children = (
				32CA4F630368D1EE00C91783 /* SimpleDeathStar_Prefix.pch */,
				29B97316FDCFA39411CA2CEA /* main.m */,
			);
			name = "Other Sources";
			sourceTree = "<group>";
		};
		29B97317FDCFA39411CA2CEA /* Resources */ = {
			isa = PBXGroup;
			children = (
				9677B05912F0D9C90016A460 /* line_images */,
				9677AF6D12F0C95A0016A460 /* FavoritesViewController.xib */,
				9677AF3D12F0C6980016A460 /* arrow.png */,
				9677AF3E12F0C6980016A460 /* arrow@2x.png */,
				96CB973712EF9A7F00EFB75C /* FavTimeViewCell.xib */,
				B816AFCC12F049290006C6ED /* Localizable.strings */,
				96CB944412EE301D00EFB75C /* app_globe.png */,
				96CB944512EE301D00EFB75C /* app_globe@2x.png */,
				96CB93DB12EE255300EFB75C /* clock.png */,
				96CB93DC12EE255300EFB75C /* clock@2x.png */,
				96CB93A612EE1E8100EFB75C /* favorites_add.png */,
				96CB93A712EE1E8100EFB75C /* favorites_add@2x.png */,
				96CB93A912EE1E8100EFB75C /* favorites_remove.png */,
				96CB93AA12EE1E8100EFB75C /* favorites_remove@2x.png */,
				96B1E19512DB851D008007BD /* UserData.xcdatamodeld */,
				96DBF54512CBFAFD0096C240 /* simpledeathstar_appicon@2x.png */,
				96DBF54612CBFAFD0096C240 /* simpledeathstar_appicon.png */,
				96DBF54712CBFAFD0096C240 /* simpledeathstar_appstore.png */,
				96DBF44712CBD5890096C240 /* GridCell.xib */,
				96A71C6C12CA87AC00FB1516 /* AboutViewController.xib */,
				96539CBB12C94C68002FDF29 /* CityViewController.xib */,
				9631C3CC12C7A0300002EB78 /* Transit.sqlite */,
				9631C13012C77D660002EB78 /* StopTimeViewController.xib */,
				962B82CC12C6D30D007EA09F /* StopViewController.xib */,
				962B81A712C6C122007EA09F /* LineViewController.xib */,
				969229BD12C6B799007C965D /* HomeScreenViewController.xib */,
				962B828312C6CE60007EA09F /* Transit.xcdatamodeld */,
				28AD733E0D9D9553002E5188 /* MainWindow.xib */,
				8D1107310486CEB800E47090 /* SimpleDeathStar-Info.plist */,
				96A71C8C12CA89B700FB1516 /* about.html */,
				961A717012D26CB90085BCAA /* NoResult.xib */,
				961A76E712D52FB20085BCAA /* panic.html */,
				B816B04E12F050130006C6ED /* DateNavigation.xib */,
			);
			name = Resources;
			sourceTree = "<group>";
		};
		29B97323FDCFA39411CA2CEA /* Frameworks */ = {
			isa = PBXGroup;
			children = (
				1DF5F4DF0D08C38300B7A737 /* UIKit.framework */,
				1D30AB110D05D00D00671497 /* Foundation.framework */,
				288765A40DF7441C002DB57D /* CoreGraphics.framework */,
				28D801B30F44B63D00FB423F /* CoreData.framework */,
			);
			name = Frameworks;
			sourceTree = "<group>";
		};
		962B81AA12C6C141007EA09F /* ManagedObjects */ = {
			isa = PBXGroup;
			children = (
				96B1E1C112DB860F008007BD /* Auto */,
				96B1E1BD12DB8607008007BD /* Favorite.h */,
				96B1E1BE12DB8607008007BD /* Favorite.m */,
				9631C11812C758890002EB78 /* City.h */,
				9631C11912C758890002EB78 /* City.m */,
				9631C11A12C758890002EB78 /* Direction.h */,
				9631C11B12C758890002EB78 /* Direction.m */,
				9631C11C12C758890002EB78 /* StopTime.h */,
				9631C11D12C758890002EB78 /* StopTime.m */,
				962B81AB12C6C153007EA09F /* Line.h */,
				962B81AC12C6C153007EA09F /* Line.m */,
				962B82BF12C6D1FB007EA09F /* Stop.h */,
				962B82C012C6D1FB007EA09F /* Stop.m */,
			);
			name = ManagedObjects;
			sourceTree = "<group>";
		};
		9677B05912F0D9C90016A460 /* line_images */ = {
			isa = PBXGroup;
			children = (
				9677B05A12F0D9C90016A460 /* 1.png */,
				9677B05B12F0D9C90016A460 /* 100.png */,
				9677B05C12F0D9C90016A460 /* 11.png */,
				9677B05D12F0D9C90016A460 /* 150.png */,
				9677B05E12F0D9C90016A460 /* 151.png */,
				9677B05F12F0D9C90016A460 /* 152.png */,
				9677B06012F0D9C90016A460 /* 153.png */,
				9677B06112F0D9C90016A460 /* 154.png */,
				9677B06212F0D9C90016A460 /* 155.png */,
				9677B06312F0D9C90016A460 /* 156.png */,
				9677B06412F0D9C90016A460 /* 157.png */,
				9677B06512F0D9C90016A460 /* 159.png */,
				9677B06612F0D9C90016A460 /* 161.png */,
				9677B06712F0D9C90016A460 /* 164.png */,
				9677B06812F0D9C90016A460 /* 172.png */,
				9677B06912F0D9C90016A460 /* 173.png */,
				9677B06A12F0D9C90016A460 /* 2.png */,
				9677B06B12F0D9C90016A460 /* 3.png */,
				9677B06C12F0D9C90016A460 /* 30.png */,
				9677B06D12F0D9C90016A460 /* 31.png */,
				9677B06E12F0D9C90016A460 /* 32.png */,
				9677B06F12F0D9C90016A460 /* 33.png */,
				9677B07012F0D9C90016A460 /* 34.png */,
				9677B07112F0D9C90016A460 /* 4.png */,
				9677B07212F0D9C90016A460 /* 40.png */,
				9677B07312F0D9C90016A460 /* 41.png */,
				9677B07412F0D9C90016A460 /* 42.png */,
				9677B07512F0D9C90016A460 /* 43.png */,
				9677B07612F0D9C90016A460 /* 44.png */,
				9677B07712F0D9C90016A460 /* 45.png */,
				9677B07812F0D9C90016A460 /* 5.png */,
				9677B07912F0D9C90016A460 /* 50.png */,
				9677B07A12F0D9C90016A460 /* 51.png */,
				9677B07B12F0D9C90016A460 /* 52.png */,
				9677B07C12F0D9C90016A460 /* 53.png */,
				9677B07D12F0D9C90016A460 /* 54.png */,
				9677B07E12F0D9C90016A460 /* 55.png */,
				9677B07F12F0D9C90016A460 /* 56.png */,
				9677B08012F0D9C90016A460 /* 57.png */,
				9677B08112F0D9C90016A460 /* 59.png */,
				9677B08212F0D9C90016A460 /* 6.png */,
				9677B08312F0D9C90016A460 /* 60.png */,
				9677B08412F0D9C90016A460 /* 61.png */,
				9677B08512F0D9C90016A460 /* 63.png */,
				9677B08612F0D9C90016A460 /* 64.png */,
				9677B08712F0D9C90016A460 /* 65.png */,
				9677B08812F0D9C90016A460 /* 67.png */,
				9677B08912F0D9C90016A460 /* 68.png */,
				9677B08A12F0D9C90016A460 /* 7.png */,
				9677B08B12F0D9C90016A460 /* 70.png */,
				9677B08C12F0D9C90016A460 /* 71.png */,
				9677B08D12F0D9C90016A460 /* 72.png */,
				9677B08E12F0D9C90016A460 /* 73.png */,
				9677B08F12F0D9C90016A460 /* 74.png */,
				9677B09012F0D9C90016A460 /* 75.png */,
				9677B09112F0D9C90016A460 /* 76.png */,
				9677B09212F0D9C90016A460 /* 77.png */,
				9677B09312F0D9C90016A460 /* 78.png */,
				9677B09412F0D9C90016A460 /* 8.png */,
				9677B09512F0D9C90016A460 /* 9.png */,
				9677B09612F0D9C90016A460 /* 91.png */,
				9677B09712F0D9C90016A460 /* 92.png */,
				9677B09812F0D9C90016A460 /* 93.png */,
				9677B09912F0D9C90016A460 /* 94.png */,
				9677B09A12F0D9C90016A460 /* A.png */,
				9677B09B12F0D9C90016A460 /* KL.png */,
				9677B09C12F0D9C90016A460 /* STN.png */,
				9677B09D12F0D9C90016A460 /* TTZ.png */,
			);
			path = line_images;
			sourceTree = "<group>";
		};
		96B1E1C112DB860F008007BD /* Auto */ = {
			isa = PBXGroup;
			children = (
				96B1E1BB12DB8607008007BD /* _Favorite.h */,
				96B1E1BC12DB8607008007BD /* _Favorite.m */,
				9631C11212C758890002EB78 /* _City.h */,
				9631C11312C758890002EB78 /* _City.m */,
				9631C11412C758890002EB78 /* _Direction.h */,
				9631C11512C758890002EB78 /* _Direction.m */,
				9631C11612C758890002EB78 /* _StopTime.h */,
				9631C11712C758890002EB78 /* _StopTime.m */,
				9631C0F412C757CF0002EB78 /* _Line.h */,
				9631C0F512C757CF0002EB78 /* _Line.m */,
				9631C0F612C757CF0002EB78 /* _Stop.h */,
				9631C0F712C757CF0002EB78 /* _Stop.m */,
			);
			name = Auto;
			sourceTree = "<group>";
		};
/* End PBXGroup section */

/* Begin PBXNativeTarget section */
		1D6058900D05DD3D006BFB54 /* SimpleDeathStar */ = {
			isa = PBXNativeTarget;
			buildConfigurationList = 1D6058960D05DD3E006BFB54 /* Build configuration list for PBXNativeTarget "SimpleDeathStar" */;
			buildPhases = (
				1D60588D0D05DD3D006BFB54 /* Resources */,
				1D60588E0D05DD3D006BFB54 /* Sources */,
				1D60588F0D05DD3D006BFB54 /* Frameworks */,
			);
			buildRules = (
			);
			dependencies = (
			);
			name = SimpleDeathStar;
			productName = SimpleDeathStar;
			productReference = 1D6058910D05DD3D006BFB54 /* SimpleDeathStar.app */;
			productType = "com.apple.product-type.application";
		};
/* End PBXNativeTarget section */

/* Begin PBXProject section */
		29B97313FDCFA39411CA2CEA /* Project object */ = {
			isa = PBXProject;
			attributes = {
				ORGANIZATIONNAME = dthg.net;
			};
			buildConfigurationList = C01FCF4E08A954540054247B /* Build configuration list for PBXProject "SimpleDeathStar" */;
			compatibilityVersion = "Xcode 3.2";
			developmentRegion = English;
			hasScannedForEncodings = 1;
			knownRegions = (
				English,
				Japanese,
				French,
				German,
				fr,
				en,
			);
			mainGroup = 29B97314FDCFA39411CA2CEA /* CustomTemplate */;
			projectDirPath = "";
			projectRoot = "";
			targets = (
				1D6058900D05DD3D006BFB54 /* SimpleDeathStar */,
			);
		};
/* End PBXProject section */

/* Begin PBXResourcesBuildPhase section */
		1D60588D0D05DD3D006BFB54 /* Resources */ = {
			isa = PBXResourcesBuildPhase;
			buildActionMask = 2147483647;
			files = (
				28AD733F0D9D9553002E5188 /* MainWindow.xib in Resources */,
				969229BF12C6B799007C965D /* HomeScreenViewController.xib in Resources */,
				962B81A912C6C122007EA09F /* LineViewController.xib in Resources */,
				962B82CE12C6D30D007EA09F /* StopViewController.xib in Resources */,
				9631C13212C77D660002EB78 /* StopTimeViewController.xib in Resources */,
				9631C3CD12C7A0300002EB78 /* Transit.sqlite in Resources */,
				96539CBD12C94C68002FDF29 /* CityViewController.xib in Resources */,
				96A71C6E12CA87AC00FB1516 /* AboutViewController.xib in Resources */,
				96A71C8D12CA89B700FB1516 /* about.html in Resources */,
				96DBF44912CBD5890096C240 /* GridCell.xib in Resources */,
				96DBF54812CBFAFD0096C240 /* simpledeathstar_appicon@2x.png in Resources */,
				96DBF54912CBFAFD0096C240 /* simpledeathstar_appicon.png in Resources */,
				96DBF54A12CBFAFD0096C240 /* simpledeathstar_appstore.png in Resources */,
				961A717112D26CB90085BCAA /* NoResult.xib in Resources */,
				961A76E812D52FB20085BCAA /* panic.html in Resources */,
				961A779212D664340085BCAA /* TripViewController.xib in Resources */,
				96CB93AC12EE1E8100EFB75C /* favorites_add.png in Resources */,
				96CB93AD12EE1E8100EFB75C /* favorites_add@2x.png in Resources */,
				96CB93AF12EE1E8100EFB75C /* favorites_remove.png in Resources */,
				96CB93B012EE1E8100EFB75C /* favorites_remove@2x.png in Resources */,
				96CB93DD12EE255300EFB75C /* clock.png in Resources */,
				96CB93DE12EE255300EFB75C /* clock@2x.png in Resources */,
				96CB944612EE301D00EFB75C /* app_globe.png in Resources */,
				96CB944712EE301D00EFB75C /* app_globe@2x.png in Resources */,
				B816B04F12F050130006C6ED /* DateNavigation.xib in Resources */,
				96CB973812EF9A7F00EFB75C /* FavTimeViewCell.xib in Resources */,
				B816AFCE12F049290006C6ED /* Localizable.strings in Resources */,
				9677AF3F12F0C6980016A460 /* arrow.png in Resources */,
				9677AF4012F0C6980016A460 /* arrow@2x.png in Resources */,
				9677AF6F12F0C95A0016A460 /* FavoritesViewController.xib in Resources */,
				9677B09E12F0D9C90016A460 /* 1.png in Resources */,
				9677B09F12F0D9C90016A460 /* 100.png in Resources */,
				9677B0A012F0D9C90016A460 /* 11.png in Resources */,
				9677B0A112F0D9C90016A460 /* 150.png in Resources */,
				9677B0A212F0D9C90016A460 /* 151.png in Resources */,
				9677B0A312F0D9C90016A460 /* 152.png in Resources */,
				9677B0A412F0D9C90016A460 /* 153.png in Resources */,
				9677B0A512F0D9C90016A460 /* 154.png in Resources */,
				9677B0A612F0D9C90016A460 /* 155.png in Resources */,
				9677B0A712F0D9C90016A460 /* 156.png in Resources */,
				9677B0A812F0D9C90016A460 /* 157.png in Resources */,
				9677B0A912F0D9C90016A460 /* 159.png in Resources */,
				9677B0AA12F0D9C90016A460 /* 161.png in Resources */,
				9677B0AB12F0D9C90016A460 /* 164.png in Resources */,
				9677B0AC12F0D9C90016A460 /* 172.png in Resources */,
				9677B0AD12F0D9C90016A460 /* 173.png in Resources */,
				9677B0AE12F0D9C90016A460 /* 2.png in Resources */,
				9677B0AF12F0D9C90016A460 /* 3.png in Resources */,
				9677B0B012F0D9C90016A460 /* 30.png in Resources */,
				9677B0B112F0D9C90016A460 /* 31.png in Resources */,
				9677B0B212F0D9C90016A460 /* 32.png in Resources */,
				9677B0B312F0D9C90016A460 /* 33.png in Resources */,
				9677B0B412F0D9C90016A460 /* 34.png in Resources */,
				9677B0B512F0D9C90016A460 /* 4.png in Resources */,
				9677B0B612F0D9C90016A460 /* 40.png in Resources */,
				9677B0B712F0D9C90016A460 /* 41.png in Resources */,
				9677B0B812F0D9C90016A460 /* 42.png in Resources */,
				9677B0B912F0D9C90016A460 /* 43.png in Resources */,
				9677B0BA12F0D9C90016A460 /* 44.png in Resources */,
				9677B0BB12F0D9C90016A460 /* 45.png in Resources */,
				9677B0BC12F0D9C90016A460 /* 5.png in Resources */,
				9677B0BD12F0D9C90016A460 /* 50.png in Resources */,
				9677B0BE12F0D9C90016A460 /* 51.png in Resources */,
				9677B0BF12F0D9C90016A460 /* 52.png in Resources */,
				9677B0C012F0D9C90016A460 /* 53.png in Resources */,
				9677B0C112F0D9C90016A460 /* 54.png in Resources */,
				9677B0C212F0D9C90016A460 /* 55.png in Resources */,
				9677B0C312F0D9C90016A460 /* 56.png in Resources */,
				9677B0C412F0D9C90016A460 /* 57.png in Resources */,
				9677B0C512F0D9C90016A460 /* 59.png in Resources */,
				9677B0C612F0D9C90016A460 /* 6.png in Resources */,
				9677B0C712F0D9C90016A460 /* 60.png in Resources */,
				9677B0C812F0D9C90016A460 /* 61.png in Resources */,
				9677B0C912F0D9C90016A460 /* 63.png in Resources */,
				9677B0CA12F0D9C90016A460 /* 64.png in Resources */,
				9677B0CB12F0D9C90016A460 /* 65.png in Resources */,
				9677B0CC12F0D9C90016A460 /* 67.png in Resources */,
				9677B0CD12F0D9C90016A460 /* 68.png in Resources */,
				9677B0CE12F0D9C90016A460 /* 7.png in Resources */,
				9677B0CF12F0D9C90016A460 /* 70.png in Resources */,
				9677B0D012F0D9C90016A460 /* 71.png in Resources */,
				9677B0D112F0D9C90016A460 /* 72.png in Resources */,
				9677B0D212F0D9C90016A460 /* 73.png in Resources */,
				9677B0D312F0D9C90016A460 /* 74.png in Resources */,
				9677B0D412F0D9C90016A460 /* 75.png in Resources */,
				9677B0D512F0D9C90016A460 /* 76.png in Resources */,
				9677B0D612F0D9C90016A460 /* 77.png in Resources */,
				9677B0D712F0D9C90016A460 /* 78.png in Resources */,
				9677B0D812F0D9C90016A460 /* 8.png in Resources */,
				9677B0D912F0D9C90016A460 /* 9.png in Resources */,
				9677B0DA12F0D9C90016A460 /* 91.png in Resources */,
				9677B0DB12F0D9C90016A460 /* 92.png in Resources */,
				9677B0DC12F0D9C90016A460 /* 93.png in Resources */,
				9677B0DD12F0D9C90016A460 /* 94.png in Resources */,
				9677B0DE12F0D9C90016A460 /* A.png in Resources */,
				9677B0DF12F0D9C90016A460 /* KL.png in Resources */,
				9677B0E012F0D9C90016A460 /* STN.png in Resources */,
				9677B0E112F0D9C90016A460 /* TTZ.png in Resources */,
			);
			runOnlyForDeploymentPostprocessing = 0;
		};
/* End PBXResourcesBuildPhase section */

/* Begin PBXSourcesBuildPhase section */
		1D60588E0D05DD3D006BFB54 /* Sources */ = {
			isa = PBXSourcesBuildPhase;
			buildActionMask = 2147483647;
			files = (
				1D60589B0D05DD56006BFB54 /* main.m in Sources */,
				1D3623260D0F684500981E51 /* SimpleDeathStarAppDelegate.m in Sources */,
				962B828412C6CE60007EA09F /* Transit.xcdatamodeld in Sources */,
				969229BE12C6B799007C965D /* HomeScreenViewController.m in Sources */,
				962B81A812C6C122007EA09F /* LineViewController.m in Sources */,
				962B81AD12C6C153007EA09F /* Line.m in Sources */,
				962B82C112C6D1FB007EA09F /* Stop.m in Sources */,
				962B82CD12C6D30D007EA09F /* StopViewController.m in Sources */,
				9631C0F812C757CF0002EB78 /* _Line.m in Sources */,
				9631C0F912C757CF0002EB78 /* _Stop.m in Sources */,
				9631C11E12C758890002EB78 /* _City.m in Sources */,
				9631C11F12C758890002EB78 /* _Direction.m in Sources */,
				9631C12012C758890002EB78 /* _StopTime.m in Sources */,
				9631C12112C758890002EB78 /* City.m in Sources */,
				9631C12212C758890002EB78 /* Direction.m in Sources */,
				9631C12312C758890002EB78 /* StopTime.m in Sources */,
				9631C13112C77D660002EB78 /* StopTimeViewController.m in Sources */,
				96539CBC12C94C68002FDF29 /* CityViewController.m in Sources */,
				96A71C6D12CA87AC00FB1516 /* AboutViewController.m in Sources */,
				96DBF3EE12CBCD7E0096C240 /* GridScrollView.m in Sources */,
				96DBF44812CBD5890096C240 /* GridCell.m in Sources */,
				961A779112D664340085BCAA /* TripViewController.m in Sources */,
				96B1E19412DB84F3008007BD /* UserData.xcdatamodel in Sources */,
				96B1E19612DB851D008007BD /* UserData.xcdatamodeld in Sources */,
				96B1E1BF12DB8607008007BD /* _Favorite.m in Sources */,
				96B1E1C012DB8607008007BD /* Favorite.m in Sources */,
				96CB971E12EF963800EFB75C /* FavTimeViewCell.m in Sources */,
				9677AF6E12F0C95A0016A460 /* FavoritesViewController.m in Sources */,
			);
			runOnlyForDeploymentPostprocessing = 0;
		};
/* End PBXSourcesBuildPhase section */

/* Begin PBXVariantGroup section */
		B816AFCC12F049290006C6ED /* Localizable.strings */ = {
			isa = PBXVariantGroup;
			children = (
				B816AFCD12F049290006C6ED /* en */,
			);
			name = Localizable.strings;
			sourceTree = "<group>";
		};
		B816B04E12F050130006C6ED /* DateNavigation.xib */ = {
			isa = PBXVariantGroup;
			children = (
				B816B05012F050190006C6ED /* fr */,
				B816B05B12F050B90006C6ED /* en */,
			);
			name = DateNavigation.xib;
			sourceTree = "<group>";
		};
/* End PBXVariantGroup section */

/* Begin XCBuildConfiguration section */
		1D6058940D05DD3E006BFB54 /* Debug */ = {
			isa = XCBuildConfiguration;
			buildSettings = {
				ALWAYS_SEARCH_USER_PATHS = NO;
				COPY_PHASE_STRIP = NO;
				GCC_DYNAMIC_NO_PIC = NO;
				GCC_OPTIMIZATION_LEVEL = 0;
				GCC_PRECOMPILE_PREFIX_HEADER = YES;
				GCC_PREFIX_HEADER = SimpleDeathStar_Prefix.pch;
				INFOPLIST_FILE = "SimpleDeathStar-Info.plist";
				PRODUCT_NAME = SimpleDeathStar;
			};
			name = Debug;
		};
		1D6058950D05DD3E006BFB54 /* Release */ = {
			isa = XCBuildConfiguration;
			buildSettings = {
				ALWAYS_SEARCH_USER_PATHS = NO;
				COPY_PHASE_STRIP = YES;
				GCC_PRECOMPILE_PREFIX_HEADER = YES;
				GCC_PREFIX_HEADER = SimpleDeathStar_Prefix.pch;
				INFOPLIST_FILE = "SimpleDeathStar-Info.plist";
				PRODUCT_NAME = SimpleDeathStar;
				VALIDATE_PRODUCT = YES;
			};
			name = Release;
		};
		C01FCF4F08A954540054247B /* Debug */ = {
			isa = XCBuildConfiguration;
			buildSettings = {
				ARCHS = "$(ARCHS_STANDARD_32_BIT)";
				CODE_SIGN_IDENTITY = "iPhone Developer";
				"CODE_SIGN_IDENTITY[sdk=iphoneos*]" = "iPhone Developer";
				GCC_C_LANGUAGE_STANDARD = c99;
				GCC_WARN_ABOUT_RETURN_TYPE = YES;
				GCC_WARN_UNUSED_VARIABLE = YES;
				PREBINDING = NO;
				PRODUCT_NAME = SimpleDeathStar;
				PROVISIONING_PROFILE = "";
				"PROVISIONING_PROFILE[sdk=iphoneos*]" = "";
				SDKROOT = iphoneos;
			};
			name = Debug;
		};
		C01FCF5008A954540054247B /* Release */ = {
			isa = XCBuildConfiguration;
			buildSettings = {
				ARCHS = "$(ARCHS_STANDARD_32_BIT)";
				CODE_SIGN_IDENTITY = "iPhone Distribution";
				"CODE_SIGN_IDENTITY[sdk=iphoneos*]" = "iPhone Distribution";
				GCC_C_LANGUAGE_STANDARD = c99;
				GCC_WARN_ABOUT_RETURN_TYPE = YES;
				GCC_WARN_UNUSED_VARIABLE = YES;
				IPHONEOS_DEPLOYMENT_TARGET = 3.2;
				OTHER_CFLAGS = "-DNS_BLOCK_ASSERTIONS=1";
				PREBINDING = NO;
				PRODUCT_NAME = SimpleDeathStar;
				PROVISIONING_PROFILE = "";
				"PROVISIONING_PROFILE[sdk=iphoneos*]" = "";
				SDKROOT = iphoneos;
			};
			name = Release;
		};
/* End XCBuildConfiguration section */

/* Begin XCConfigurationList section */
		1D6058960D05DD3E006BFB54 /* Build configuration list for PBXNativeTarget "SimpleDeathStar" */ = {
			isa = XCConfigurationList;
			buildConfigurations = (
				1D6058940D05DD3E006BFB54 /* Debug */,
				1D6058950D05DD3E006BFB54 /* Release */,
			);
			defaultConfigurationIsVisible = 0;
			defaultConfigurationName = Release;
		};
		C01FCF4E08A954540054247B /* Build configuration list for PBXProject "SimpleDeathStar" */ = {
			isa = XCConfigurationList;
			buildConfigurations = (
				C01FCF4F08A954540054247B /* Debug */,
				C01FCF5008A954540054247B /* Release */,
			);
			defaultConfigurationIsVisible = 0;
			defaultConfigurationName = Release;
		};
/* End XCConfigurationList section */

/* Begin XCVersionGroup section */
		962B828312C6CE60007EA09F /* Transit.xcdatamodeld */ = {
			isa = XCVersionGroup;
			children = (
				9692298C12C6B4A1007C965D /* Transit.xcdatamodel */,
			);
			currentVersion = 9692298C12C6B4A1007C965D /* Transit.xcdatamodel */;
			path = Transit.xcdatamodeld;
			sourceTree = "<group>";
			versionGroupType = wrapper.xcdatamodel;
		};
		96B1E19512DB851D008007BD /* UserData.xcdatamodeld */ = {
			isa = XCVersionGroup;
			children = (
				96B1E19312DB84F3008007BD /* UserData.xcdatamodel */,
			);
			currentVersion = 96B1E19312DB84F3008007BD /* UserData.xcdatamodel */;
			path = UserData.xcdatamodeld;
			sourceTree = "<group>";
			versionGroupType = wrapper.xcdatamodel;
		};
/* End XCVersionGroup section */
	};
	rootObject = 29B97313FDCFA39411CA2CEA /* Project object */;
}
