// !$*UTF8*$!
{
	archiveVersion = 1;
	classes = {
	};
	objectVersion = 46;
	objects = {

/* Begin PBXBuildFile section */
		1D3623260D0F684500981E51 /* SimpleDeathStarAppDelegate.m in Sources */ = {isa = PBXBuildFile; fileRef = 1D3623250D0F684500981E51 /* SimpleDeathStarAppDelegate.m */; };
		1D60589B0D05DD56006BFB54 /* main.m in Sources */ = {isa = PBXBuildFile; fileRef = 29B97316FDCFA39411CA2CEA /* main.m */; };
		1D60589F0D05DD5A006BFB54 /* Foundation.framework in Frameworks */ = {isa = PBXBuildFile; fileRef = 1D30AB110D05D00D00671497 /* Foundation.framework */; };
		1DF5F4E00D08C38300B7A737 /* UIKit.framework in Frameworks */ = {isa = PBXBuildFile; fileRef = 1DF5F4DF0D08C38300B7A737 /* UIKit.framework */; };
		288765A50DF7441C002DB57D /* CoreGraphics.framework in Frameworks */ = {isa = PBXBuildFile; fileRef = 288765A40DF7441C002DB57D /* CoreGraphics.framework */; };
		28AD733F0D9D9553002E5188 /* MainWindow.xib in Resources */ = {isa = PBXBuildFile; fileRef = 28AD733E0D9D9553002E5188 /* MainWindow.xib */; };
		28D801B40F44B63D00FB423F /* CoreData.framework in Frameworks */ = {isa = PBXBuildFile; fileRef = 28D801B30F44B63D00FB423F /* CoreData.framework */; };
		962B81A812C6C122007EA09F /* LineViewController.m in Sources */ = {isa = PBXBuildFile; fileRef = 962B81A612C6C122007EA09F /* LineViewController.m */; };
		962B81A912C6C122007EA09F /* LineViewController.xib in Resources */ = {isa = PBXBuildFile; fileRef = 962B81A712C6C122007EA09F /* LineViewController.xib */; };
		962B81AD12C6C153007EA09F /* Line.m in Sources */ = {isa = PBXBuildFile; fileRef = 962B81AC12C6C153007EA09F /* Line.m */; };
		962B828412C6CE60007EA09F /* Transit.xcdatamodeld in Sources */ = {isa = PBXBuildFile; fileRef = 962B828312C6CE60007EA09F /* Transit.xcdatamodeld */; };
		962B82C112C6D1FB007EA09F /* Stop.m in Sources */ = {isa = PBXBuildFile; fileRef = 962B82C012C6D1FB007EA09F /* Stop.m */; };
		962B82CD12C6D30D007EA09F /* StopViewController.m in Sources */ = {isa = PBXBuildFile; fileRef = 962B82CB12C6D30D007EA09F /* StopViewController.m */; };
		962B82CE12C6D30D007EA09F /* StopViewController.xib in Resources */ = {isa = PBXBuildFile; fileRef = 962B82CC12C6D30D007EA09F /* StopViewController.xib */; };
		9631C0F812C757CF0002EB78 /* _Line.m in Sources */ = {isa = PBXBuildFile; fileRef = 9631C0F512C757CF0002EB78 /* _Line.m */; };
		9631C0F912C757CF0002EB78 /* _Stop.m in Sources */ = {isa = PBXBuildFile; fileRef = 9631C0F712C757CF0002EB78 /* _Stop.m */; };
		9631C11E12C758890002EB78 /* _City.m in Sources */ = {isa = PBXBuildFile; fileRef = 9631C11312C758890002EB78 /* _City.m */; };
		9631C11F12C758890002EB78 /* _Direction.m in Sources */ = {isa = PBXBuildFile; fileRef = 9631C11512C758890002EB78 /* _Direction.m */; };
		9631C12012C758890002EB78 /* _StopTime.m in Sources */ = {isa = PBXBuildFile; fileRef = 9631C11712C758890002EB78 /* _StopTime.m */; };
		9631C12112C758890002EB78 /* City.m in Sources */ = {isa = PBXBuildFile; fileRef = 9631C11912C758890002EB78 /* City.m */; };
		9631C12212C758890002EB78 /* Direction.m in Sources */ = {isa = PBXBuildFile; fileRef = 9631C11B12C758890002EB78 /* Direction.m */; };
		9631C12312C758890002EB78 /* StopTime.m in Sources */ = {isa = PBXBuildFile; fileRef = 9631C11D12C758890002EB78 /* StopTime.m */; };
		9631C13112C77D660002EB78 /* StopTimeViewController.m in Sources */ = {isa = PBXBuildFile; fileRef = 9631C12F12C77D660002EB78 /* StopTimeViewController.m */; };
		9631C13212C77D660002EB78 /* StopTimeViewController.xib in Resources */ = {isa = PBXBuildFile; fileRef = 9631C13012C77D660002EB78 /* StopTimeViewController.xib */; };
		9631C3CD12C7A0300002EB78 /* Transit.sqlite in Resources */ = {isa = PBXBuildFile; fileRef = 9631C3CC12C7A0300002EB78 /* Transit.sqlite */; };
		969229BE12C6B799007C965D /* HomeScreenViewController.m in Sources */ = {isa = PBXBuildFile; fileRef = 969229BC12C6B799007C965D /* HomeScreenViewController.m */; };
		969229BF12C6B799007C965D /* HomeScreenViewController.xib in Resources */ = {isa = PBXBuildFile; fileRef = 969229BD12C6B799007C965D /* HomeScreenViewController.xib */; };
/* End PBXBuildFile section */

/* Begin PBXFileReference section */
		1D30AB110D05D00D00671497 /* Foundation.framework */ = {isa = PBXFileReference; lastKnownFileType = wrapper.framework; name = Foundation.framework; path = System/Library/Frameworks/Foundation.framework; sourceTree = SDKROOT; };
		1D3623240D0F684500981E51 /* SimpleDeathStarAppDelegate.h */ = {isa = PBXFileReference; fileEncoding = 4; lastKnownFileType = sourcecode.c.h; path = SimpleDeathStarAppDelegate.h; sourceTree = "<group>"; };
		1D3623250D0F684500981E51 /* SimpleDeathStarAppDelegate.m */ = {isa = PBXFileReference; fileEncoding = 4; lastKnownFileType = sourcecode.c.objc; path = SimpleDeathStarAppDelegate.m; sourceTree = "<group>"; };
		1D6058910D05DD3D006BFB54 /* SimpleDeathStar.app */ = {isa = PBXFileReference; explicitFileType = wrapper.application; includeInIndex = 0; path = SimpleDeathStar.app; sourceTree = BUILT_PRODUCTS_DIR; };
		1DF5F4DF0D08C38300B7A737 /* UIKit.framework */ = {isa = PBXFileReference; lastKnownFileType = wrapper.framework; name = UIKit.framework; path = System/Library/Frameworks/UIKit.framework; sourceTree = SDKROOT; };
		288765A40DF7441C002DB57D /* CoreGraphics.framework */ = {isa = PBXFileReference; lastKnownFileType = wrapper.framework; name = CoreGraphics.framework; path = System/Library/Frameworks/CoreGraphics.framework; sourceTree = SDKROOT; };
		28AD733E0D9D9553002E5188 /* MainWindow.xib */ = {isa = PBXFileReference; lastKnownFileType = file.xib; path = MainWindow.xib; sourceTree = "<group>"; };
		28D801B30F44B63D00FB423F /* CoreData.framework */ = {isa = PBXFileReference; lastKnownFileType = wrapper.framework; name = CoreData.framework; path = System/Library/Frameworks/CoreData.framework; sourceTree = SDKROOT; };
		29B97316FDCFA39411CA2CEA /* main.m */ = {isa = PBXFileReference; fileEncoding = 4; lastKnownFileType = sourcecode.c.objc; path = main.m; sourceTree = "<group>"; };
		32CA4F630368D1EE00C91783 /* SimpleDeathStar_Prefix.pch */ = {isa = PBXFileReference; fileEncoding = 4; lastKnownFileType = sourcecode.c.h; path = SimpleDeathStar_Prefix.pch; sourceTree = "<group>"; };
		8D1107310486CEB800E47090 /* SimpleDeathStar-Info.plist */ = {isa = PBXFileReference; fileEncoding = 4; lastKnownFileType = text.plist.xml; path = "SimpleDeathStar-Info.plist"; plistStructureDefinitionIdentifier = "com.apple.xcode.plist.structure-definition.iphone.info-plist"; sourceTree = "<group>"; };
		962B81A512C6C122007EA09F /* LineViewController.h */ = {isa = PBXFileReference; fileEncoding = 4; lastKnownFileType = sourcecode.c.h; path = LineViewController.h; sourceTree = "<group>"; };
		962B81A612C6C122007EA09F /* LineViewController.m */ = {isa = PBXFileReference; fileEncoding = 4; lastKnownFileType = sourcecode.c.objc; path = LineViewController.m; sourceTree = "<group>"; };
		962B81A712C6C122007EA09F /* LineViewController.xib */ = {isa = PBXFileReference; lastKnownFileType = file.xib; name = LineViewController.xib; path = Classes/LineViewController.xib; sourceTree = "<group>"; };
		962B81AB12C6C153007EA09F /* Line.h */ = {isa = PBXFileReference; fileEncoding = 4; lastKnownFileType = sourcecode.c.h; path = Line.h; sourceTree = "<group>"; };
		962B81AC12C6C153007EA09F /* Line.m */ = {isa = PBXFileReference; fileEncoding = 4; lastKnownFileType = sourcecode.c.objc; path = Line.m; sourceTree = "<group>"; };
		962B82BF12C6D1FB007EA09F /* Stop.h */ = {isa = PBXFileReference; fileEncoding = 4; lastKnownFileType = sourcecode.c.h; path = Stop.h; sourceTree = "<group>"; };
		962B82C012C6D1FB007EA09F /* Stop.m */ = {isa = PBXFileReference; fileEncoding = 4; lastKnownFileType = sourcecode.c.objc; path = Stop.m; sourceTree = "<group>"; };
		962B82CA12C6D30D007EA09F /* StopViewController.h */ = {isa = PBXFileReference; fileEncoding = 4; lastKnownFileType = sourcecode.c.h; path = StopViewController.h; sourceTree = "<group>"; };
		962B82CB12C6D30D007EA09F /* StopViewController.m */ = {isa = PBXFileReference; fileEncoding = 4; lastKnownFileType = sourcecode.c.objc; path = StopViewController.m; sourceTree = "<group>"; };
		962B82CC12C6D30D007EA09F /* StopViewController.xib */ = {isa = PBXFileReference; lastKnownFileType = file.xib; name = StopViewController.xib; path = Classes/StopViewController.xib; sourceTree = "<group>"; };
		9631C0F412C757CF0002EB78 /* _Line.h */ = {isa = PBXFileReference; fileEncoding = 4; lastKnownFileType = sourcecode.c.h; path = _Line.h; sourceTree = "<group>"; };
		9631C0F512C757CF0002EB78 /* _Line.m */ = {isa = PBXFileReference; fileEncoding = 4; lastKnownFileType = sourcecode.c.objc; path = _Line.m; sourceTree = "<group>"; };
		9631C0F612C757CF0002EB78 /* _Stop.h */ = {isa = PBXFileReference; fileEncoding = 4; lastKnownFileType = sourcecode.c.h; path = _Stop.h; sourceTree = "<group>"; };
		9631C0F712C757CF0002EB78 /* _Stop.m */ = {isa = PBXFileReference; fileEncoding = 4; lastKnownFileType = sourcecode.c.objc; path = _Stop.m; sourceTree = "<group>"; };
		9631C11212C758890002EB78 /* _City.h */ = {isa = PBXFileReference; fileEncoding = 4; lastKnownFileType = sourcecode.c.h; path = _City.h; sourceTree = "<group>"; };
		9631C11312C758890002EB78 /* _City.m */ = {isa = PBXFileReference; fileEncoding = 4; lastKnownFileType = sourcecode.c.objc; path = _City.m; sourceTree = "<group>"; };
		9631C11412C758890002EB78 /* _Direction.h */ = {isa = PBXFileReference; fileEncoding = 4; lastKnownFileType = sourcecode.c.h; path = _Direction.h; sourceTree = "<group>"; };
		9631C11512C758890002EB78 /* _Direction.m */ = {isa = PBXFileReference; fileEncoding = 4; lastKnownFileType = sourcecode.c.objc; path = _Direction.m; sourceTree = "<group>"; };
		9631C11612C758890002EB78 /* _StopTime.h */ = {isa = PBXFileReference; fileEncoding = 4; lastKnownFileType = sourcecode.c.h; path = _StopTime.h; sourceTree = "<group>"; };
		9631C11712C758890002EB78 /* _StopTime.m */ = {isa = PBXFileReference; fileEncoding = 4; lastKnownFileType = sourcecode.c.objc; path = _StopTime.m; sourceTree = "<group>"; };
		9631C11812C758890002EB78 /* City.h */ = {isa = PBXFileReference; fileEncoding = 4; lastKnownFileType = sourcecode.c.h; path = City.h; sourceTree = "<group>"; };
		9631C11912C758890002EB78 /* City.m */ = {isa = PBXFileReference; fileEncoding = 4; lastKnownFileType = sourcecode.c.objc; path = City.m; sourceTree = "<group>"; };
		9631C11A12C758890002EB78 /* Direction.h */ = {isa = PBXFileReference; fileEncoding = 4; lastKnownFileType = sourcecode.c.h; path = Direction.h; sourceTree = "<group>"; };
		9631C11B12C758890002EB78 /* Direction.m */ = {isa = PBXFileReference; fileEncoding = 4; lastKnownFileType = sourcecode.c.objc; path = Direction.m; sourceTree = "<group>"; };
		9631C11C12C758890002EB78 /* StopTime.h */ = {isa = PBXFileReference; fileEncoding = 4; lastKnownFileType = sourcecode.c.h; path = StopTime.h; sourceTree = "<group>"; };
		9631C11D12C758890002EB78 /* StopTime.m */ = {isa = PBXFileReference; fileEncoding = 4; lastKnownFileType = sourcecode.c.objc; path = StopTime.m; sourceTree = "<group>"; };
		9631C12E12C77D660002EB78 /* StopTimeViewController.h */ = {isa = PBXFileReference; fileEncoding = 4; lastKnownFileType = sourcecode.c.h; path = StopTimeViewController.h; sourceTree = "<group>"; };
		9631C12F12C77D660002EB78 /* StopTimeViewController.m */ = {isa = PBXFileReference; fileEncoding = 4; lastKnownFileType = sourcecode.c.objc; path = StopTimeViewController.m; sourceTree = "<group>"; };
		9631C13012C77D660002EB78 /* StopTimeViewController.xib */ = {isa = PBXFileReference; lastKnownFileType = file.xib; name = StopTimeViewController.xib; path = Classes/StopTimeViewController.xib; sourceTree = "<group>"; };
		9631C3CC12C7A0300002EB78 /* Transit.sqlite */ = {isa = PBXFileReference; lastKnownFileType = file; path = Transit.sqlite; sourceTree = "<group>"; };
		9692298C12C6B4A1007C965D /* Transit.xcdatamodel */ = {isa = PBXFileReference; fileEncoding = 4; lastKnownFileType = wrapper.xcdatamodel; path = Transit.xcdatamodel; sourceTree = "<group>"; };
		969229BB12C6B799007C965D /* HomeScreenViewController.h */ = {isa = PBXFileReference; fileEncoding = 4; lastKnownFileType = sourcecode.c.h; path = HomeScreenViewController.h; sourceTree = "<group>"; };
		969229BC12C6B799007C965D /* HomeScreenViewController.m */ = {isa = PBXFileReference; fileEncoding = 4; lastKnownFileType = sourcecode.c.objc; path = HomeScreenViewController.m; sourceTree = "<group>"; };
		969229BD12C6B799007C965D /* HomeScreenViewController.xib */ = {isa = PBXFileReference; lastKnownFileType = file.xib; name = HomeScreenViewController.xib; path = Classes/HomeScreenViewController.xib; sourceTree = "<group>"; };
/* End PBXFileReference section */

/* Begin PBXFrameworksBuildPhase section */
		1D60588F0D05DD3D006BFB54 /* Frameworks */ = {
			isa = PBXFrameworksBuildPhase;
			buildActionMask = 2147483647;
			files = (
				1D60589F0D05DD5A006BFB54 /* Foundation.framework in Frameworks */,
				1DF5F4E00D08C38300B7A737 /* UIKit.framework in Frameworks */,
				288765A50DF7441C002DB57D /* CoreGraphics.framework in Frameworks */,
				28D801B40F44B63D00FB423F /* CoreData.framework in Frameworks */,
			);
			runOnlyForDeploymentPostprocessing = 0;
		};
/* End PBXFrameworksBuildPhase section */

/* Begin PBXGroup section */
		080E96DDFE201D6D7F000001 /* Classes */ = {
			isa = PBXGroup;
			children = (
				962B81AA12C6C141007EA09F /* ManagedObjects */,
				1D3623240D0F684500981E51 /* SimpleDeathStarAppDelegate.h */,
				1D3623250D0F684500981E51 /* SimpleDeathStarAppDelegate.m */,
				969229BB12C6B799007C965D /* HomeScreenViewController.h */,
				969229BC12C6B799007C965D /* HomeScreenViewController.m */,
				962B81A512C6C122007EA09F /* LineViewController.h */,
				962B81A612C6C122007EA09F /* LineViewController.m */,
				962B82CA12C6D30D007EA09F /* StopViewController.h */,
				962B82CB12C6D30D007EA09F /* StopViewController.m */,
				9631C12E12C77D660002EB78 /* StopTimeViewController.h */,
				9631C12F12C77D660002EB78 /* StopTimeViewController.m */,
			);
			path = Classes;
			sourceTree = "<group>";
		};
		19C28FACFE9D520D11CA2CBB /* Products */ = {
			isa = PBXGroup;
			children = (
				1D6058910D05DD3D006BFB54 /* SimpleDeathStar.app */,
			);
			name = Products;
			sourceTree = "<group>";
		};
		29B97314FDCFA39411CA2CEA /* CustomTemplate */ = {
			isa = PBXGroup;
			children = (
				080E96DDFE201D6D7F000001 /* Classes */,
				29B97315FDCFA39411CA2CEA /* Other Sources */,
				29B97317FDCFA39411CA2CEA /* Resources */,
				29B97323FDCFA39411CA2CEA /* Frameworks */,
				19C28FACFE9D520D11CA2CBB /* Products */,
			);
			name = CustomTemplate;
			sourceTree = "<group>";
		};
		29B97315FDCFA39411CA2CEA /* Other Sources */ = {
			isa = PBXGroup;
			children = (
				32CA4F630368D1EE00C91783 /* SimpleDeathStar_Prefix.pch */,
				29B97316FDCFA39411CA2CEA /* main.m */,
			);
			name = "Other Sources";
			sourceTree = "<group>";
		};
		29B97317FDCFA39411CA2CEA /* Resources */ = {
			isa = PBXGroup;
			children = (
				9631C3CC12C7A0300002EB78 /* Transit.sqlite */,
				9631C13012C77D660002EB78 /* StopTimeViewController.xib */,
				962B82CC12C6D30D007EA09F /* StopViewController.xib */,
				962B81A712C6C122007EA09F /* LineViewController.xib */,
				969229BD12C6B799007C965D /* HomeScreenViewController.xib */,
				962B828312C6CE60007EA09F /* Transit.xcdatamodeld */,
				28AD733E0D9D9553002E5188 /* MainWindow.xib */,
				8D1107310486CEB800E47090 /* SimpleDeathStar-Info.plist */,
			);
			name = Resources;
			sourceTree = "<group>";
		};
		29B97323FDCFA39411CA2CEA /* Frameworks */ = {
			isa = PBXGroup;
			children = (
				1DF5F4DF0D08C38300B7A737 /* UIKit.framework */,
				1D30AB110D05D00D00671497 /* Foundation.framework */,
				288765A40DF7441C002DB57D /* CoreGraphics.framework */,
				28D801B30F44B63D00FB423F /* CoreData.framework */,
			);
			name = Frameworks;
			sourceTree = "<group>";
		};
		962B81AA12C6C141007EA09F /* ManagedObjects */ = {
			isa = PBXGroup;
			children = (
				9631C11212C758890002EB78 /* _City.h */,
				9631C11312C758890002EB78 /* _City.m */,
				9631C11412C758890002EB78 /* _Direction.h */,
				9631C11512C758890002EB78 /* _Direction.m */,
				9631C11612C758890002EB78 /* _StopTime.h */,
				9631C11712C758890002EB78 /* _StopTime.m */,
				9631C11812C758890002EB78 /* City.h */,
				9631C11912C758890002EB78 /* City.m */,
				9631C11A12C758890002EB78 /* Direction.h */,
				9631C11B12C758890002EB78 /* Direction.m */,
				9631C11C12C758890002EB78 /* StopTime.h */,
				9631C11D12C758890002EB78 /* StopTime.m */,
				9631C0F412C757CF0002EB78 /* _Line.h */,
				9631C0F512C757CF0002EB78 /* _Line.m */,
				9631C0F612C757CF0002EB78 /* _Stop.h */,
				9631C0F712C757CF0002EB78 /* _Stop.m */,
				962B81AB12C6C153007EA09F /* Line.h */,
				962B81AC12C6C153007EA09F /* Line.m */,
				962B82BF12C6D1FB007EA09F /* Stop.h */,
				962B82C012C6D1FB007EA09F /* Stop.m */,
			);
			name = ManagedObjects;
			sourceTree = "<group>";
		};
/* End PBXGroup section */

/* Begin PBXNativeTarget section */
		1D6058900D05DD3D006BFB54 /* SimpleDeathStar */ = {
			isa = PBXNativeTarget;
			buildConfigurationList = 1D6058960D05DD3E006BFB54 /* Build configuration list for PBXNativeTarget "SimpleDeathStar" */;
			buildPhases = (
				1D60588D0D05DD3D006BFB54 /* Resources */,
				1D60588E0D05DD3D006BFB54 /* Sources */,
				1D60588F0D05DD3D006BFB54 /* Frameworks */,
			);
			buildRules = (
			);
			dependencies = (
			);
			name = SimpleDeathStar;
			productName = SimpleDeathStar;
			productReference = 1D6058910D05DD3D006BFB54 /* SimpleDeathStar.app */;
			productType = "com.apple.product-type.application";
		};
/* End PBXNativeTarget section */

/* Begin PBXProject section */
		29B97313FDCFA39411CA2CEA /* Project object */ = {
			isa = PBXProject;
			attributes = {
				ORGANIZATIONNAME = dthg.net;
			};
			buildConfigurationList = C01FCF4E08A954540054247B /* Build configuration list for PBXProject "SimpleDeathStar" */;
			compatibilityVersion = "Xcode 3.2";
			developmentRegion = English;
			hasScannedForEncodings = 1;
			knownRegions = (
				English,
				Japanese,
				French,
				German,
			);
			mainGroup = 29B97314FDCFA39411CA2CEA /* CustomTemplate */;
			projectDirPath = "";
			projectRoot = "";
			targets = (
				1D6058900D05DD3D006BFB54 /* SimpleDeathStar */,
			);
		};
/* End PBXProject section */

/* Begin PBXResourcesBuildPhase section */
		1D60588D0D05DD3D006BFB54 /* Resources */ = {
			isa = PBXResourcesBuildPhase;
			buildActionMask = 2147483647;
			files = (
				28AD733F0D9D9553002E5188 /* MainWindow.xib in Resources */,
				969229BF12C6B799007C965D /* HomeScreenViewController.xib in Resources */,
				962B81A912C6C122007EA09F /* LineViewController.xib in Resources */,
				962B82CE12C6D30D007EA09F /* StopViewController.xib in Resources */,
				9631C13212C77D660002EB78 /* StopTimeViewController.xib in Resources */,
				9631C3CD12C7A0300002EB78 /* Transit.sqlite in Resources */,
			);
			runOnlyForDeploymentPostprocessing = 0;
		};
/* End PBXResourcesBuildPhase section */

/* Begin PBXSourcesBuildPhase section */
		1D60588E0D05DD3D006BFB54 /* Sources */ = {
			isa = PBXSourcesBuildPhase;
			buildActionMask = 2147483647;
			files = (
				1D60589B0D05DD56006BFB54 /* main.m in Sources */,
				1D3623260D0F684500981E51 /* SimpleDeathStarAppDelegate.m in Sources */,
				962B828412C6CE60007EA09F /* Transit.xcdatamodeld in Sources */,
				969229BE12C6B799007C965D /* HomeScreenViewController.m in Sources */,
				962B81A812C6C122007EA09F /* LineViewController.m in Sources */,
				962B81AD12C6C153007EA09F /* Line.m in Sources */,
				962B82C112C6D1FB007EA09F /* Stop.m in Sources */,
				962B82CD12C6D30D007EA09F /* StopViewController.m in Sources */,
				9631C0F812C757CF0002EB78 /* _Line.m in Sources */,
				9631C0F912C757CF0002EB78 /* _Stop.m in Sources */,
				9631C11E12C758890002EB78 /* _City.m in Sources */,
				9631C11F12C758890002EB78 /* _Direction.m in Sources */,
				9631C12012C758890002EB78 /* _StopTime.m in Sources */,
				9631C12112C758890002EB78 /* City.m in Sources */,
				9631C12212C758890002EB78 /* Direction.m in Sources */,
				9631C12312C758890002EB78 /* StopTime.m in Sources */,
				9631C13112C77D660002EB78 /* StopTimeViewController.m in Sources */,
			);
			runOnlyForDeploymentPostprocessing = 0;
		};
/* End PBXSourcesBuildPhase section */

/* Begin XCBuildConfiguration section */
		1D6058940D05DD3E006BFB54 /* Debug */ = {
			isa = XCBuildConfiguration;
			buildSettings = {
				ALWAYS_SEARCH_USER_PATHS = NO;
				COPY_PHASE_STRIP = NO;
				GCC_DYNAMIC_NO_PIC = NO;
				GCC_OPTIMIZATION_LEVEL = 0;
				GCC_PRECOMPILE_PREFIX_HEADER = YES;
				GCC_PREFIX_HEADER = SimpleDeathStar_Prefix.pch;
				INFOPLIST_FILE = "SimpleDeathStar-Info.plist";
				PRODUCT_NAME = SimpleDeathStar;
			};
			name = Debug;
		};
		1D6058950D05DD3E006BFB54 /* Release */ = {
			isa = XCBuildConfiguration;
			buildSettings = {
				ALWAYS_SEARCH_USER_PATHS = NO;
				COPY_PHASE_STRIP = YES;
				GCC_PRECOMPILE_PREFIX_HEADER = YES;
				GCC_PREFIX_HEADER = SimpleDeathStar_Prefix.pch;
				INFOPLIST_FILE = "SimpleDeathStar-Info.plist";
				PRODUCT_NAME = SimpleDeathStar;
				VALIDATE_PRODUCT = YES;
			};
			name = Release;
		};
		C01FCF4F08A954540054247B /* Debug */ = {
			isa = XCBuildConfiguration;
			buildSettings = {
				ARCHS = "$(ARCHS_STANDARD_32_BIT)";
				"CODE_SIGN_IDENTITY[sdk=iphoneos*]" = "iPhone Developer";
				GCC_C_LANGUAGE_STANDARD = c99;
				GCC_WARN_ABOUT_RETURN_TYPE = YES;
				GCC_WARN_UNUSED_VARIABLE = YES;
				PREBINDING = NO;
				SDKROOT = iphoneos4.1;
			};
			name = Debug;
		};
		C01FCF5008A954540054247B /* Release */ = {
			isa = XCBuildConfiguration;
			buildSettings = {
				ARCHS = "$(ARCHS_STANDARD_32_BIT)";
				"CODE_SIGN_IDENTITY[sdk=iphoneos*]" = "iPhone Developer";
				GCC_C_LANGUAGE_STANDARD = c99;
				GCC_WARN_ABOUT_RETURN_TYPE = YES;
				GCC_WARN_UNUSED_VARIABLE = YES;
				OTHER_CFLAGS = "-DNS_BLOCK_ASSERTIONS=1";
				PREBINDING = NO;
				SDKROOT = iphoneos4.1;
			};
			name = Release;
		};
/* End XCBuildConfiguration section */

/* Begin XCConfigurationList section */
		1D6058960D05DD3E006BFB54 /* Build configuration list for PBXNativeTarget "SimpleDeathStar" */ = {
			isa = XCConfigurationList;
			buildConfigurations = (
				1D6058940D05DD3E006BFB54 /* Debug */,
				1D6058950D05DD3E006BFB54 /* Release */,
			);
			defaultConfigurationIsVisible = 0;
			defaultConfigurationName = Release;
		};
		C01FCF4E08A954540054247B /* Build configuration list for PBXProject "SimpleDeathStar" */ = {
			isa = XCConfigurationList;
			buildConfigurations = (
				C01FCF4F08A954540054247B /* Debug */,
				C01FCF5008A954540054247B /* Release */,
			);
			defaultConfigurationIsVisible = 0;
			defaultConfigurationName = Release;
		};
/* End XCConfigurationList section */

/* Begin XCVersionGroup section */
		962B828312C6CE60007EA09F /* Transit.xcdatamodeld */ = {
			isa = XCVersionGroup;
			children = (
				9692298C12C6B4A1007C965D /* Transit.xcdatamodel */,
			);
			currentVersion = 9692298C12C6B4A1007C965D /* Transit.xcdatamodel */;
			path = Transit.xcdatamodeld;
			sourceTree = "<group>";
			versionGroupType = wrapper.xcdatamodel;
		};
/* End XCVersionGroup section */
	};
	rootObject = 29B97313FDCFA39411CA2CEA /* Project object */;
}
